
Microsoft Visual Studio Solution File, Format Version 12.00
# Visual Studio Version 16
VisualStudioVersion = 16.0.29418.71
MinimumVisualStudioVersion = 10.0.40219.1
Project("{9A19103F-16F7-4668-BE54-9A1E7A4F7556}") = "Freeserf.Core", "Freeserf.Core\Freeserf.Core.csproj", "{EEFCF9AA-D472-4B79-AD82-C1871BB60DBA}"
EndProject
Project("{9A19103F-16F7-4668-BE54-9A1E7A4F7556}") = "Freeserf.Network", "Freeserf.Network\Freeserf.Network.csproj", "{CDCEFBBE-DF01-4454-BA67-49F4B846A5B1}"
EndProject
Project("{9A19103F-16F7-4668-BE54-9A1E7A4F7556}") = "FreeserfNet", "FreeserfNet\FreeserfNet.csproj", "{BEA0643A-664B-48BC-ACA4-36E49BEA2EFA}"
EndProject
Project("{2150E333-8FDC-42A3-9474-1A3956D46DE8}") = "Solution Items", "Solution Items", "{2ACA94E3-5288-4E69-B92F-74AADD92CE12}"
	ProjectSection(SolutionItems) = preProject
		.gitattributes = .gitattributes
		.gitignore = .gitignore
		.travis.yml = .travis.yml
		appveyor.yml = appveyor.yml
		azure-pipelines.yml = azure-pipelines.yml
		changelog.txt = changelog.txt
		Configuration.md = Configuration.md
		Issues.md = Issues.md
		LICENSE = LICENSE
		linux_build = linux_build
		README.md = README.md
	EndProjectSection
EndProject
Project("{9A19103F-16F7-4668-BE54-9A1E7A4F7556}") = "Freeserf.Renderer", "Freeserf.Renderer\Freeserf.Renderer.csproj", "{93AD316F-2A18-48E8-8865-75E9EC01093C}"
EndProject
Project("{9A19103F-16F7-4668-BE54-9A1E7A4F7556}") = "Silk.NET.Window", "Silk.NET.Window\Silk.NET.Window.csproj", "{BB8FA6E1-F9DB-4F39-B53D-0BFD92CF554F}"
EndProject
Project("{9A19103F-16F7-4668-BE54-9A1E7A4F7556}") = "Freeserf.Test", "Freeserf.Test\Freeserf.Test.csproj", "{B2FEC47F-6033-43EC-A1F4-B5D5983CBB8E}"
EndProject
Project("{9A19103F-16F7-4668-BE54-9A1E7A4F7556}") = "Freeserf.Audio", "Freeserf.Audio\Freeserf.Audio.csproj", "{E7355C62-2C99-48CF-99C9-40AE9EC9886F}"
EndProject
Global
	GlobalSection(SolutionConfigurationPlatforms) = preSolution
		Debug|Any CPU = Debug|Any CPU
		Debug|x64 = Debug|x64
		Debug|x86 = Debug|x86
		LinuxDebug|Any CPU = LinuxDebug|Any CPU
		LinuxDebug|x64 = LinuxDebug|x64
		LinuxDebug|x86 = LinuxDebug|x86
		LinuxRelease|Any CPU = LinuxRelease|Any CPU
		LinuxRelease|x64 = LinuxRelease|x64
		LinuxRelease|x86 = LinuxRelease|x86
		MacDebug|Any CPU = MacDebug|Any CPU
		MacDebug|x64 = MacDebug|x64
		MacDebug|x86 = MacDebug|x86
		MacRelease|Any CPU = MacRelease|Any CPU
		MacRelease|x64 = MacRelease|x64
		MacRelease|x86 = MacRelease|x86
		Release|Any CPU = Release|Any CPU
		Release|x64 = Release|x64
		Release|x86 = Release|x86
		WindowsDebug|Any CPU = WindowsDebug|Any CPU
		WindowsDebug|x64 = WindowsDebug|x64
		WindowsDebug|x86 = WindowsDebug|x86
		WindowsRelease|Any CPU = WindowsRelease|Any CPU
		WindowsRelease|x64 = WindowsRelease|x64
		WindowsRelease|x86 = WindowsRelease|x86
	EndGlobalSection
	GlobalSection(ProjectConfigurationPlatforms) = postSolution
		{EEFCF9AA-D472-4B79-AD82-C1871BB60DBA}.Debug|Any CPU.ActiveCfg = Debug|Any CPU
		{EEFCF9AA-D472-4B79-AD82-C1871BB60DBA}.Debug|Any CPU.Build.0 = Debug|Any CPU
		{EEFCF9AA-D472-4B79-AD82-C1871BB60DBA}.Debug|x64.ActiveCfg = Debug|Any CPU
		{EEFCF9AA-D472-4B79-AD82-C1871BB60DBA}.Debug|x64.Build.0 = Debug|Any CPU
		{EEFCF9AA-D472-4B79-AD82-C1871BB60DBA}.Debug|x86.ActiveCfg = Debug|Any CPU
		{EEFCF9AA-D472-4B79-AD82-C1871BB60DBA}.Debug|x86.Build.0 = Debug|Any CPU
		{EEFCF9AA-D472-4B79-AD82-C1871BB60DBA}.LinuxDebug|Any CPU.ActiveCfg = LinuxDebug|Any CPU
		{EEFCF9AA-D472-4B79-AD82-C1871BB60DBA}.LinuxDebug|Any CPU.Build.0 = LinuxDebug|Any CPU
		{EEFCF9AA-D472-4B79-AD82-C1871BB60DBA}.LinuxDebug|x64.ActiveCfg = LinuxDebug|Any CPU
		{EEFCF9AA-D472-4B79-AD82-C1871BB60DBA}.LinuxDebug|x64.Build.0 = LinuxDebug|Any CPU
		{EEFCF9AA-D472-4B79-AD82-C1871BB60DBA}.LinuxDebug|x86.ActiveCfg = LinuxDebug|Any CPU
		{EEFCF9AA-D472-4B79-AD82-C1871BB60DBA}.LinuxDebug|x86.Build.0 = LinuxDebug|Any CPU
		{EEFCF9AA-D472-4B79-AD82-C1871BB60DBA}.LinuxRelease|Any CPU.ActiveCfg = LinuxRelease|Any CPU
		{EEFCF9AA-D472-4B79-AD82-C1871BB60DBA}.LinuxRelease|Any CPU.Build.0 = LinuxRelease|Any CPU
		{EEFCF9AA-D472-4B79-AD82-C1871BB60DBA}.LinuxRelease|x64.ActiveCfg = LinuxRelease|Any CPU
		{EEFCF9AA-D472-4B79-AD82-C1871BB60DBA}.LinuxRelease|x64.Build.0 = LinuxRelease|Any CPU
		{EEFCF9AA-D472-4B79-AD82-C1871BB60DBA}.LinuxRelease|x86.ActiveCfg = LinuxRelease|Any CPU
		{EEFCF9AA-D472-4B79-AD82-C1871BB60DBA}.LinuxRelease|x86.Build.0 = LinuxRelease|Any CPU
		{EEFCF9AA-D472-4B79-AD82-C1871BB60DBA}.MacDebug|Any CPU.ActiveCfg = MacDebug|Any CPU
		{EEFCF9AA-D472-4B79-AD82-C1871BB60DBA}.MacDebug|Any CPU.Build.0 = MacDebug|Any CPU
		{EEFCF9AA-D472-4B79-AD82-C1871BB60DBA}.MacDebug|x64.ActiveCfg = MacDebug|Any CPU
		{EEFCF9AA-D472-4B79-AD82-C1871BB60DBA}.MacDebug|x64.Build.0 = MacDebug|Any CPU
		{EEFCF9AA-D472-4B79-AD82-C1871BB60DBA}.MacDebug|x86.ActiveCfg = MacDebug|Any CPU
		{EEFCF9AA-D472-4B79-AD82-C1871BB60DBA}.MacDebug|x86.Build.0 = MacDebug|Any CPU
		{EEFCF9AA-D472-4B79-AD82-C1871BB60DBA}.MacRelease|Any CPU.ActiveCfg = MacRelease|Any CPU
		{EEFCF9AA-D472-4B79-AD82-C1871BB60DBA}.MacRelease|Any CPU.Build.0 = MacRelease|Any CPU
		{EEFCF9AA-D472-4B79-AD82-C1871BB60DBA}.MacRelease|x64.ActiveCfg = MacRelease|Any CPU
		{EEFCF9AA-D472-4B79-AD82-C1871BB60DBA}.MacRelease|x64.Build.0 = MacRelease|Any CPU
		{EEFCF9AA-D472-4B79-AD82-C1871BB60DBA}.MacRelease|x86.ActiveCfg = MacRelease|Any CPU
		{EEFCF9AA-D472-4B79-AD82-C1871BB60DBA}.MacRelease|x86.Build.0 = MacRelease|Any CPU
		{EEFCF9AA-D472-4B79-AD82-C1871BB60DBA}.Release|Any CPU.ActiveCfg = Release|Any CPU
		{EEFCF9AA-D472-4B79-AD82-C1871BB60DBA}.Release|Any CPU.Build.0 = Release|Any CPU
		{EEFCF9AA-D472-4B79-AD82-C1871BB60DBA}.Release|x64.ActiveCfg = Release|Any CPU
		{EEFCF9AA-D472-4B79-AD82-C1871BB60DBA}.Release|x64.Build.0 = Release|Any CPU
		{EEFCF9AA-D472-4B79-AD82-C1871BB60DBA}.Release|x86.ActiveCfg = Release|Any CPU
		{EEFCF9AA-D472-4B79-AD82-C1871BB60DBA}.Release|x86.Build.0 = Release|Any CPU
		{EEFCF9AA-D472-4B79-AD82-C1871BB60DBA}.WindowsDebug|Any CPU.ActiveCfg = WindowsDebug|Any CPU
		{EEFCF9AA-D472-4B79-AD82-C1871BB60DBA}.WindowsDebug|Any CPU.Build.0 = WindowsDebug|Any CPU
		{EEFCF9AA-D472-4B79-AD82-C1871BB60DBA}.WindowsDebug|x64.ActiveCfg = WindowsDebug|Any CPU
		{EEFCF9AA-D472-4B79-AD82-C1871BB60DBA}.WindowsDebug|x64.Build.0 = WindowsDebug|Any CPU
		{EEFCF9AA-D472-4B79-AD82-C1871BB60DBA}.WindowsDebug|x86.ActiveCfg = WindowsDebug|Any CPU
		{EEFCF9AA-D472-4B79-AD82-C1871BB60DBA}.WindowsDebug|x86.Build.0 = WindowsDebug|Any CPU
		{EEFCF9AA-D472-4B79-AD82-C1871BB60DBA}.WindowsRelease|Any CPU.ActiveCfg = WindowsRelease|Any CPU
		{EEFCF9AA-D472-4B79-AD82-C1871BB60DBA}.WindowsRelease|Any CPU.Build.0 = WindowsRelease|Any CPU
		{EEFCF9AA-D472-4B79-AD82-C1871BB60DBA}.WindowsRelease|x64.ActiveCfg = WindowsRelease|Any CPU
		{EEFCF9AA-D472-4B79-AD82-C1871BB60DBA}.WindowsRelease|x64.Build.0 = WindowsRelease|Any CPU
		{EEFCF9AA-D472-4B79-AD82-C1871BB60DBA}.WindowsRelease|x86.ActiveCfg = WindowsRelease|Any CPU
		{EEFCF9AA-D472-4B79-AD82-C1871BB60DBA}.WindowsRelease|x86.Build.0 = WindowsRelease|Any CPU
		{CDCEFBBE-DF01-4454-BA67-49F4B846A5B1}.Debug|Any CPU.ActiveCfg = Debug|Any CPU
		{CDCEFBBE-DF01-4454-BA67-49F4B846A5B1}.Debug|Any CPU.Build.0 = Debug|Any CPU
		{CDCEFBBE-DF01-4454-BA67-49F4B846A5B1}.Debug|x64.ActiveCfg = Debug|Any CPU
		{CDCEFBBE-DF01-4454-BA67-49F4B846A5B1}.Debug|x64.Build.0 = Debug|Any CPU
		{CDCEFBBE-DF01-4454-BA67-49F4B846A5B1}.Debug|x86.ActiveCfg = Debug|Any CPU
		{CDCEFBBE-DF01-4454-BA67-49F4B846A5B1}.Debug|x86.Build.0 = Debug|Any CPU
		{CDCEFBBE-DF01-4454-BA67-49F4B846A5B1}.LinuxDebug|Any CPU.ActiveCfg = LinuxDebug|Any CPU
		{CDCEFBBE-DF01-4454-BA67-49F4B846A5B1}.LinuxDebug|Any CPU.Build.0 = LinuxDebug|Any CPU
		{CDCEFBBE-DF01-4454-BA67-49F4B846A5B1}.LinuxDebug|x64.ActiveCfg = LinuxDebug|Any CPU
		{CDCEFBBE-DF01-4454-BA67-49F4B846A5B1}.LinuxDebug|x64.Build.0 = LinuxDebug|Any CPU
		{CDCEFBBE-DF01-4454-BA67-49F4B846A5B1}.LinuxDebug|x86.ActiveCfg = LinuxDebug|Any CPU
		{CDCEFBBE-DF01-4454-BA67-49F4B846A5B1}.LinuxDebug|x86.Build.0 = LinuxDebug|Any CPU
		{CDCEFBBE-DF01-4454-BA67-49F4B846A5B1}.LinuxRelease|Any CPU.ActiveCfg = LinuxRelease|Any CPU
		{CDCEFBBE-DF01-4454-BA67-49F4B846A5B1}.LinuxRelease|Any CPU.Build.0 = LinuxRelease|Any CPU
		{CDCEFBBE-DF01-4454-BA67-49F4B846A5B1}.LinuxRelease|x64.ActiveCfg = LinuxRelease|Any CPU
		{CDCEFBBE-DF01-4454-BA67-49F4B846A5B1}.LinuxRelease|x64.Build.0 = LinuxRelease|Any CPU
		{CDCEFBBE-DF01-4454-BA67-49F4B846A5B1}.LinuxRelease|x86.ActiveCfg = LinuxRelease|Any CPU
		{CDCEFBBE-DF01-4454-BA67-49F4B846A5B1}.LinuxRelease|x86.Build.0 = LinuxRelease|Any CPU
		{CDCEFBBE-DF01-4454-BA67-49F4B846A5B1}.MacDebug|Any CPU.ActiveCfg = MacDebug|Any CPU
		{CDCEFBBE-DF01-4454-BA67-49F4B846A5B1}.MacDebug|Any CPU.Build.0 = MacDebug|Any CPU
		{CDCEFBBE-DF01-4454-BA67-49F4B846A5B1}.MacDebug|x64.ActiveCfg = MacDebug|Any CPU
		{CDCEFBBE-DF01-4454-BA67-49F4B846A5B1}.MacDebug|x64.Build.0 = MacDebug|Any CPU
		{CDCEFBBE-DF01-4454-BA67-49F4B846A5B1}.MacDebug|x86.ActiveCfg = MacDebug|Any CPU
		{CDCEFBBE-DF01-4454-BA67-49F4B846A5B1}.MacDebug|x86.Build.0 = MacDebug|Any CPU
		{CDCEFBBE-DF01-4454-BA67-49F4B846A5B1}.MacRelease|Any CPU.ActiveCfg = MacRelease|Any CPU
		{CDCEFBBE-DF01-4454-BA67-49F4B846A5B1}.MacRelease|Any CPU.Build.0 = MacRelease|Any CPU
		{CDCEFBBE-DF01-4454-BA67-49F4B846A5B1}.MacRelease|x64.ActiveCfg = MacRelease|Any CPU
		{CDCEFBBE-DF01-4454-BA67-49F4B846A5B1}.MacRelease|x64.Build.0 = MacRelease|Any CPU
		{CDCEFBBE-DF01-4454-BA67-49F4B846A5B1}.MacRelease|x86.ActiveCfg = MacRelease|Any CPU
		{CDCEFBBE-DF01-4454-BA67-49F4B846A5B1}.MacRelease|x86.Build.0 = MacRelease|Any CPU
		{CDCEFBBE-DF01-4454-BA67-49F4B846A5B1}.Release|Any CPU.ActiveCfg = Release|Any CPU
		{CDCEFBBE-DF01-4454-BA67-49F4B846A5B1}.Release|Any CPU.Build.0 = Release|Any CPU
		{CDCEFBBE-DF01-4454-BA67-49F4B846A5B1}.Release|x64.ActiveCfg = Release|Any CPU
		{CDCEFBBE-DF01-4454-BA67-49F4B846A5B1}.Release|x64.Build.0 = Release|Any CPU
		{CDCEFBBE-DF01-4454-BA67-49F4B846A5B1}.Release|x86.ActiveCfg = Release|Any CPU
		{CDCEFBBE-DF01-4454-BA67-49F4B846A5B1}.Release|x86.Build.0 = Release|Any CPU
		{CDCEFBBE-DF01-4454-BA67-49F4B846A5B1}.WindowsDebug|Any CPU.ActiveCfg = WindowsDebug|Any CPU
		{CDCEFBBE-DF01-4454-BA67-49F4B846A5B1}.WindowsDebug|Any CPU.Build.0 = WindowsDebug|Any CPU
		{CDCEFBBE-DF01-4454-BA67-49F4B846A5B1}.WindowsDebug|x64.ActiveCfg = WindowsDebug|Any CPU
		{CDCEFBBE-DF01-4454-BA67-49F4B846A5B1}.WindowsDebug|x64.Build.0 = WindowsDebug|Any CPU
		{CDCEFBBE-DF01-4454-BA67-49F4B846A5B1}.WindowsDebug|x86.ActiveCfg = WindowsDebug|Any CPU
		{CDCEFBBE-DF01-4454-BA67-49F4B846A5B1}.WindowsDebug|x86.Build.0 = WindowsDebug|Any CPU
		{CDCEFBBE-DF01-4454-BA67-49F4B846A5B1}.WindowsRelease|Any CPU.ActiveCfg = WindowsRelease|Any CPU
		{CDCEFBBE-DF01-4454-BA67-49F4B846A5B1}.WindowsRelease|Any CPU.Build.0 = WindowsRelease|Any CPU
		{CDCEFBBE-DF01-4454-BA67-49F4B846A5B1}.WindowsRelease|x64.ActiveCfg = WindowsRelease|Any CPU
		{CDCEFBBE-DF01-4454-BA67-49F4B846A5B1}.WindowsRelease|x64.Build.0 = WindowsRelease|Any CPU
		{CDCEFBBE-DF01-4454-BA67-49F4B846A5B1}.WindowsRelease|x86.ActiveCfg = WindowsRelease|Any CPU
		{CDCEFBBE-DF01-4454-BA67-49F4B846A5B1}.WindowsRelease|x86.Build.0 = WindowsRelease|Any CPU
		{BEA0643A-664B-48BC-ACA4-36E49BEA2EFA}.Debug|Any CPU.ActiveCfg = Debug|Any CPU
		{BEA0643A-664B-48BC-ACA4-36E49BEA2EFA}.Debug|Any CPU.Build.0 = Debug|Any CPU
		{BEA0643A-664B-48BC-ACA4-36E49BEA2EFA}.Debug|x64.ActiveCfg = Debug|Any CPU
		{BEA0643A-664B-48BC-ACA4-36E49BEA2EFA}.Debug|x64.Build.0 = Debug|Any CPU
		{BEA0643A-664B-48BC-ACA4-36E49BEA2EFA}.Debug|x86.ActiveCfg = Debug|Any CPU
		{BEA0643A-664B-48BC-ACA4-36E49BEA2EFA}.Debug|x86.Build.0 = Debug|Any CPU
		{BEA0643A-664B-48BC-ACA4-36E49BEA2EFA}.LinuxDebug|Any CPU.ActiveCfg = LinuxDebug|Any CPU
		{BEA0643A-664B-48BC-ACA4-36E49BEA2EFA}.LinuxDebug|Any CPU.Build.0 = LinuxDebug|Any CPU
		{BEA0643A-664B-48BC-ACA4-36E49BEA2EFA}.LinuxDebug|x64.ActiveCfg = LinuxDebug|Any CPU
		{BEA0643A-664B-48BC-ACA4-36E49BEA2EFA}.LinuxDebug|x64.Build.0 = LinuxDebug|Any CPU
		{BEA0643A-664B-48BC-ACA4-36E49BEA2EFA}.LinuxDebug|x86.ActiveCfg = LinuxDebug|Any CPU
		{BEA0643A-664B-48BC-ACA4-36E49BEA2EFA}.LinuxDebug|x86.Build.0 = LinuxDebug|Any CPU
		{BEA0643A-664B-48BC-ACA4-36E49BEA2EFA}.LinuxRelease|Any CPU.ActiveCfg = LinuxRelease|Any CPU
		{BEA0643A-664B-48BC-ACA4-36E49BEA2EFA}.LinuxRelease|Any CPU.Build.0 = LinuxRelease|Any CPU
		{BEA0643A-664B-48BC-ACA4-36E49BEA2EFA}.LinuxRelease|x64.ActiveCfg = LinuxRelease|Any CPU
		{BEA0643A-664B-48BC-ACA4-36E49BEA2EFA}.LinuxRelease|x64.Build.0 = LinuxRelease|Any CPU
		{BEA0643A-664B-48BC-ACA4-36E49BEA2EFA}.LinuxRelease|x86.ActiveCfg = LinuxRelease|Any CPU
		{BEA0643A-664B-48BC-ACA4-36E49BEA2EFA}.LinuxRelease|x86.Build.0 = LinuxRelease|Any CPU
		{BEA0643A-664B-48BC-ACA4-36E49BEA2EFA}.MacDebug|Any CPU.ActiveCfg = MacDebug|Any CPU
		{BEA0643A-664B-48BC-ACA4-36E49BEA2EFA}.MacDebug|Any CPU.Build.0 = MacDebug|Any CPU
		{BEA0643A-664B-48BC-ACA4-36E49BEA2EFA}.MacDebug|x64.ActiveCfg = MacDebug|Any CPU
		{BEA0643A-664B-48BC-ACA4-36E49BEA2EFA}.MacDebug|x64.Build.0 = MacDebug|Any CPU
		{BEA0643A-664B-48BC-ACA4-36E49BEA2EFA}.MacDebug|x86.ActiveCfg = MacDebug|Any CPU
		{BEA0643A-664B-48BC-ACA4-36E49BEA2EFA}.MacDebug|x86.Build.0 = MacDebug|Any CPU
		{BEA0643A-664B-48BC-ACA4-36E49BEA2EFA}.MacRelease|Any CPU.ActiveCfg = MacRelease|Any CPU
		{BEA0643A-664B-48BC-ACA4-36E49BEA2EFA}.MacRelease|Any CPU.Build.0 = MacRelease|Any CPU
		{BEA0643A-664B-48BC-ACA4-36E49BEA2EFA}.MacRelease|x64.ActiveCfg = MacRelease|Any CPU
		{BEA0643A-664B-48BC-ACA4-36E49BEA2EFA}.MacRelease|x64.Build.0 = MacRelease|Any CPU
		{BEA0643A-664B-48BC-ACA4-36E49BEA2EFA}.MacRelease|x86.ActiveCfg = MacRelease|Any CPU
		{BEA0643A-664B-48BC-ACA4-36E49BEA2EFA}.MacRelease|x86.Build.0 = MacRelease|Any CPU
		{BEA0643A-664B-48BC-ACA4-36E49BEA2EFA}.Release|Any CPU.ActiveCfg = Release|Any CPU
		{BEA0643A-664B-48BC-ACA4-36E49BEA2EFA}.Release|Any CPU.Build.0 = Release|Any CPU
		{BEA0643A-664B-48BC-ACA4-36E49BEA2EFA}.Release|x64.ActiveCfg = Release|Any CPU
		{BEA0643A-664B-48BC-ACA4-36E49BEA2EFA}.Release|x64.Build.0 = Release|Any CPU
		{BEA0643A-664B-48BC-ACA4-36E49BEA2EFA}.Release|x86.ActiveCfg = Release|Any CPU
		{BEA0643A-664B-48BC-ACA4-36E49BEA2EFA}.Release|x86.Build.0 = Release|Any CPU
		{BEA0643A-664B-48BC-ACA4-36E49BEA2EFA}.WindowsDebug|Any CPU.ActiveCfg = WindowsDebug|Any CPU
		{BEA0643A-664B-48BC-ACA4-36E49BEA2EFA}.WindowsDebug|Any CPU.Build.0 = WindowsDebug|Any CPU
		{BEA0643A-664B-48BC-ACA4-36E49BEA2EFA}.WindowsDebug|x64.ActiveCfg = WindowsDebug|Any CPU
		{BEA0643A-664B-48BC-ACA4-36E49BEA2EFA}.WindowsDebug|x64.Build.0 = WindowsDebug|Any CPU
		{BEA0643A-664B-48BC-ACA4-36E49BEA2EFA}.WindowsDebug|x86.ActiveCfg = WindowsDebug|Any CPU
		{BEA0643A-664B-48BC-ACA4-36E49BEA2EFA}.WindowsDebug|x86.Build.0 = WindowsDebug|Any CPU
		{BEA0643A-664B-48BC-ACA4-36E49BEA2EFA}.WindowsRelease|Any CPU.ActiveCfg = WindowsRelease|Any CPU
		{BEA0643A-664B-48BC-ACA4-36E49BEA2EFA}.WindowsRelease|Any CPU.Build.0 = WindowsRelease|Any CPU
		{BEA0643A-664B-48BC-ACA4-36E49BEA2EFA}.WindowsRelease|x64.ActiveCfg = WindowsRelease|Any CPU
		{BEA0643A-664B-48BC-ACA4-36E49BEA2EFA}.WindowsRelease|x64.Build.0 = WindowsRelease|Any CPU
		{BEA0643A-664B-48BC-ACA4-36E49BEA2EFA}.WindowsRelease|x86.ActiveCfg = WindowsRelease|Any CPU
		{BEA0643A-664B-48BC-ACA4-36E49BEA2EFA}.WindowsRelease|x86.Build.0 = WindowsRelease|Any CPU
		{93AD316F-2A18-48E8-8865-75E9EC01093C}.Debug|Any CPU.ActiveCfg = Debug|Any CPU
		{93AD316F-2A18-48E8-8865-75E9EC01093C}.Debug|Any CPU.Build.0 = Debug|Any CPU
		{93AD316F-2A18-48E8-8865-75E9EC01093C}.Debug|x64.ActiveCfg = Debug|Any CPU
		{93AD316F-2A18-48E8-8865-75E9EC01093C}.Debug|x64.Build.0 = Debug|Any CPU
		{93AD316F-2A18-48E8-8865-75E9EC01093C}.Debug|x86.ActiveCfg = Debug|Any CPU
		{93AD316F-2A18-48E8-8865-75E9EC01093C}.Debug|x86.Build.0 = Debug|Any CPU
		{93AD316F-2A18-48E8-8865-75E9EC01093C}.LinuxDebug|Any CPU.ActiveCfg = LinuxDebug|Any CPU
		{93AD316F-2A18-48E8-8865-75E9EC01093C}.LinuxDebug|Any CPU.Build.0 = LinuxDebug|Any CPU
		{93AD316F-2A18-48E8-8865-75E9EC01093C}.LinuxDebug|x64.ActiveCfg = LinuxDebug|Any CPU
		{93AD316F-2A18-48E8-8865-75E9EC01093C}.LinuxDebug|x64.Build.0 = LinuxDebug|Any CPU
		{93AD316F-2A18-48E8-8865-75E9EC01093C}.LinuxDebug|x86.ActiveCfg = LinuxDebug|Any CPU
		{93AD316F-2A18-48E8-8865-75E9EC01093C}.LinuxDebug|x86.Build.0 = LinuxDebug|Any CPU
		{93AD316F-2A18-48E8-8865-75E9EC01093C}.LinuxRelease|Any CPU.ActiveCfg = LinuxRelease|Any CPU
		{93AD316F-2A18-48E8-8865-75E9EC01093C}.LinuxRelease|Any CPU.Build.0 = LinuxRelease|Any CPU
		{93AD316F-2A18-48E8-8865-75E9EC01093C}.LinuxRelease|x64.ActiveCfg = LinuxRelease|Any CPU
		{93AD316F-2A18-48E8-8865-75E9EC01093C}.LinuxRelease|x64.Build.0 = LinuxRelease|Any CPU
		{93AD316F-2A18-48E8-8865-75E9EC01093C}.LinuxRelease|x86.ActiveCfg = LinuxRelease|Any CPU
		{93AD316F-2A18-48E8-8865-75E9EC01093C}.LinuxRelease|x86.Build.0 = LinuxRelease|Any CPU
		{93AD316F-2A18-48E8-8865-75E9EC01093C}.MacDebug|Any CPU.ActiveCfg = MacDebug|Any CPU
		{93AD316F-2A18-48E8-8865-75E9EC01093C}.MacDebug|Any CPU.Build.0 = MacDebug|Any CPU
		{93AD316F-2A18-48E8-8865-75E9EC01093C}.MacDebug|x64.ActiveCfg = MacDebug|Any CPU
		{93AD316F-2A18-48E8-8865-75E9EC01093C}.MacDebug|x64.Build.0 = MacDebug|Any CPU
		{93AD316F-2A18-48E8-8865-75E9EC01093C}.MacDebug|x86.ActiveCfg = MacDebug|Any CPU
		{93AD316F-2A18-48E8-8865-75E9EC01093C}.MacDebug|x86.Build.0 = MacDebug|Any CPU
		{93AD316F-2A18-48E8-8865-75E9EC01093C}.MacRelease|Any CPU.ActiveCfg = MacRelease|Any CPU
		{93AD316F-2A18-48E8-8865-75E9EC01093C}.MacRelease|Any CPU.Build.0 = MacRelease|Any CPU
		{93AD316F-2A18-48E8-8865-75E9EC01093C}.MacRelease|x64.ActiveCfg = MacRelease|Any CPU
		{93AD316F-2A18-48E8-8865-75E9EC01093C}.MacRelease|x64.Build.0 = MacRelease|Any CPU
		{93AD316F-2A18-48E8-8865-75E9EC01093C}.MacRelease|x86.ActiveCfg = MacRelease|Any CPU
		{93AD316F-2A18-48E8-8865-75E9EC01093C}.MacRelease|x86.Build.0 = MacRelease|Any CPU
		{93AD316F-2A18-48E8-8865-75E9EC01093C}.Release|Any CPU.ActiveCfg = Release|Any CPU
		{93AD316F-2A18-48E8-8865-75E9EC01093C}.Release|Any CPU.Build.0 = Release|Any CPU
		{93AD316F-2A18-48E8-8865-75E9EC01093C}.Release|x64.ActiveCfg = Release|Any CPU
		{93AD316F-2A18-48E8-8865-75E9EC01093C}.Release|x64.Build.0 = Release|Any CPU
		{93AD316F-2A18-48E8-8865-75E9EC01093C}.Release|x86.ActiveCfg = Release|Any CPU
		{93AD316F-2A18-48E8-8865-75E9EC01093C}.Release|x86.Build.0 = Release|Any CPU
		{93AD316F-2A18-48E8-8865-75E9EC01093C}.WindowsDebug|Any CPU.ActiveCfg = WindowsDebug|Any CPU
		{93AD316F-2A18-48E8-8865-75E9EC01093C}.WindowsDebug|Any CPU.Build.0 = WindowsDebug|Any CPU
		{93AD316F-2A18-48E8-8865-75E9EC01093C}.WindowsDebug|x64.ActiveCfg = WindowsDebug|Any CPU
		{93AD316F-2A18-48E8-8865-75E9EC01093C}.WindowsDebug|x64.Build.0 = WindowsDebug|Any CPU
		{93AD316F-2A18-48E8-8865-75E9EC01093C}.WindowsDebug|x86.ActiveCfg = WindowsDebug|Any CPU
		{93AD316F-2A18-48E8-8865-75E9EC01093C}.WindowsDebug|x86.Build.0 = WindowsDebug|Any CPU
		{93AD316F-2A18-48E8-8865-75E9EC01093C}.WindowsRelease|Any CPU.ActiveCfg = WindowsRelease|Any CPU
		{93AD316F-2A18-48E8-8865-75E9EC01093C}.WindowsRelease|Any CPU.Build.0 = WindowsRelease|Any CPU
		{93AD316F-2A18-48E8-8865-75E9EC01093C}.WindowsRelease|x64.ActiveCfg = WindowsRelease|Any CPU
		{93AD316F-2A18-48E8-8865-75E9EC01093C}.WindowsRelease|x64.Build.0 = WindowsRelease|Any CPU
		{93AD316F-2A18-48E8-8865-75E9EC01093C}.WindowsRelease|x86.ActiveCfg = WindowsRelease|Any CPU
		{93AD316F-2A18-48E8-8865-75E9EC01093C}.WindowsRelease|x86.Build.0 = WindowsRelease|Any CPU
		{BB8FA6E1-F9DB-4F39-B53D-0BFD92CF554F}.Debug|Any CPU.ActiveCfg = Debug|Any CPU
		{BB8FA6E1-F9DB-4F39-B53D-0BFD92CF554F}.Debug|Any CPU.Build.0 = Debug|Any CPU
		{BB8FA6E1-F9DB-4F39-B53D-0BFD92CF554F}.Debug|x64.ActiveCfg = Debug|Any CPU
		{BB8FA6E1-F9DB-4F39-B53D-0BFD92CF554F}.Debug|x64.Build.0 = Debug|Any CPU
		{BB8FA6E1-F9DB-4F39-B53D-0BFD92CF554F}.Debug|x86.ActiveCfg = Debug|Any CPU
		{BB8FA6E1-F9DB-4F39-B53D-0BFD92CF554F}.Debug|x86.Build.0 = Debug|Any CPU
		{BB8FA6E1-F9DB-4F39-B53D-0BFD92CF554F}.LinuxDebug|Any CPU.ActiveCfg = LinuxDebug|Any CPU
		{BB8FA6E1-F9DB-4F39-B53D-0BFD92CF554F}.LinuxDebug|Any CPU.Build.0 = LinuxDebug|Any CPU
		{BB8FA6E1-F9DB-4F39-B53D-0BFD92CF554F}.LinuxDebug|x64.ActiveCfg = Debug|Any CPU
		{BB8FA6E1-F9DB-4F39-B53D-0BFD92CF554F}.LinuxDebug|x64.Build.0 = Debug|Any CPU
		{BB8FA6E1-F9DB-4F39-B53D-0BFD92CF554F}.LinuxDebug|x86.ActiveCfg = Debug|Any CPU
		{BB8FA6E1-F9DB-4F39-B53D-0BFD92CF554F}.LinuxDebug|x86.Build.0 = Debug|Any CPU
		{BB8FA6E1-F9DB-4F39-B53D-0BFD92CF554F}.LinuxRelease|Any CPU.ActiveCfg = LinuxRelease|Any CPU
		{BB8FA6E1-F9DB-4F39-B53D-0BFD92CF554F}.LinuxRelease|Any CPU.Build.0 = LinuxRelease|Any CPU
		{BB8FA6E1-F9DB-4F39-B53D-0BFD92CF554F}.LinuxRelease|x64.ActiveCfg = Release|Any CPU
		{BB8FA6E1-F9DB-4F39-B53D-0BFD92CF554F}.LinuxRelease|x64.Build.0 = Release|Any CPU
		{BB8FA6E1-F9DB-4F39-B53D-0BFD92CF554F}.LinuxRelease|x86.ActiveCfg = Release|Any CPU
		{BB8FA6E1-F9DB-4F39-B53D-0BFD92CF554F}.LinuxRelease|x86.Build.0 = Release|Any CPU
		{BB8FA6E1-F9DB-4F39-B53D-0BFD92CF554F}.MacDebug|Any CPU.ActiveCfg = MacDebug|Any CPU
		{BB8FA6E1-F9DB-4F39-B53D-0BFD92CF554F}.MacDebug|Any CPU.Build.0 = MacDebug|Any CPU
		{BB8FA6E1-F9DB-4F39-B53D-0BFD92CF554F}.MacDebug|x64.ActiveCfg = Debug|Any CPU
		{BB8FA6E1-F9DB-4F39-B53D-0BFD92CF554F}.MacDebug|x64.Build.0 = Debug|Any CPU
		{BB8FA6E1-F9DB-4F39-B53D-0BFD92CF554F}.MacDebug|x86.ActiveCfg = Debug|Any CPU
		{BB8FA6E1-F9DB-4F39-B53D-0BFD92CF554F}.MacDebug|x86.Build.0 = Debug|Any CPU
		{BB8FA6E1-F9DB-4F39-B53D-0BFD92CF554F}.MacRelease|Any CPU.ActiveCfg = MacRelease|Any CPU
		{BB8FA6E1-F9DB-4F39-B53D-0BFD92CF554F}.MacRelease|Any CPU.Build.0 = MacRelease|Any CPU
		{BB8FA6E1-F9DB-4F39-B53D-0BFD92CF554F}.MacRelease|x64.ActiveCfg = Release|Any CPU
		{BB8FA6E1-F9DB-4F39-B53D-0BFD92CF554F}.MacRelease|x64.Build.0 = Release|Any CPU
		{BB8FA6E1-F9DB-4F39-B53D-0BFD92CF554F}.MacRelease|x86.ActiveCfg = Release|Any CPU
		{BB8FA6E1-F9DB-4F39-B53D-0BFD92CF554F}.MacRelease|x86.Build.0 = Release|Any CPU
		{BB8FA6E1-F9DB-4F39-B53D-0BFD92CF554F}.Release|Any CPU.ActiveCfg = Release|Any CPU
		{BB8FA6E1-F9DB-4F39-B53D-0BFD92CF554F}.Release|Any CPU.Build.0 = Release|Any CPU
		{BB8FA6E1-F9DB-4F39-B53D-0BFD92CF554F}.Release|x64.ActiveCfg = Release|Any CPU
		{BB8FA6E1-F9DB-4F39-B53D-0BFD92CF554F}.Release|x64.Build.0 = Release|Any CPU
		{BB8FA6E1-F9DB-4F39-B53D-0BFD92CF554F}.Release|x86.ActiveCfg = Release|Any CPU
		{BB8FA6E1-F9DB-4F39-B53D-0BFD92CF554F}.Release|x86.Build.0 = Release|Any CPU
		{BB8FA6E1-F9DB-4F39-B53D-0BFD92CF554F}.WindowsDebug|Any CPU.ActiveCfg = WindowsDebug|Any CPU
		{BB8FA6E1-F9DB-4F39-B53D-0BFD92CF554F}.WindowsDebug|Any CPU.Build.0 = WindowsDebug|Any CPU
		{BB8FA6E1-F9DB-4F39-B53D-0BFD92CF554F}.WindowsDebug|x64.ActiveCfg = Debug|Any CPU
		{BB8FA6E1-F9DB-4F39-B53D-0BFD92CF554F}.WindowsDebug|x64.Build.0 = Debug|Any CPU
		{BB8FA6E1-F9DB-4F39-B53D-0BFD92CF554F}.WindowsDebug|x86.ActiveCfg = Debug|Any CPU
		{BB8FA6E1-F9DB-4F39-B53D-0BFD92CF554F}.WindowsDebug|x86.Build.0 = Debug|Any CPU
		{BB8FA6E1-F9DB-4F39-B53D-0BFD92CF554F}.WindowsRelease|Any CPU.ActiveCfg = WindowsRelease|Any CPU
		{BB8FA6E1-F9DB-4F39-B53D-0BFD92CF554F}.WindowsRelease|Any CPU.Build.0 = WindowsRelease|Any CPU
		{BB8FA6E1-F9DB-4F39-B53D-0BFD92CF554F}.WindowsRelease|x64.ActiveCfg = Release|Any CPU
		{BB8FA6E1-F9DB-4F39-B53D-0BFD92CF554F}.WindowsRelease|x64.Build.0 = Release|Any CPU
		{BB8FA6E1-F9DB-4F39-B53D-0BFD92CF554F}.WindowsRelease|x86.ActiveCfg = Release|Any CPU
		{BB8FA6E1-F9DB-4F39-B53D-0BFD92CF554F}.WindowsRelease|x86.Build.0 = Release|Any CPU
		{B2FEC47F-6033-43EC-A1F4-B5D5983CBB8E}.Debug|Any CPU.ActiveCfg = Debug|Any CPU
		{B2FEC47F-6033-43EC-A1F4-B5D5983CBB8E}.Debug|Any CPU.Build.0 = Debug|Any CPU
		{B2FEC47F-6033-43EC-A1F4-B5D5983CBB8E}.Debug|x64.ActiveCfg = Debug|Any CPU
		{B2FEC47F-6033-43EC-A1F4-B5D5983CBB8E}.Debug|x64.Build.0 = Debug|Any CPU
		{B2FEC47F-6033-43EC-A1F4-B5D5983CBB8E}.Debug|x86.ActiveCfg = Debug|Any CPU
		{B2FEC47F-6033-43EC-A1F4-B5D5983CBB8E}.Debug|x86.Build.0 = Debug|Any CPU
		{B2FEC47F-6033-43EC-A1F4-B5D5983CBB8E}.LinuxDebug|Any CPU.ActiveCfg = LinuxDebug|Any CPU
		{B2FEC47F-6033-43EC-A1F4-B5D5983CBB8E}.LinuxDebug|Any CPU.Build.0 = LinuxDebug|Any CPU
		{B2FEC47F-6033-43EC-A1F4-B5D5983CBB8E}.LinuxDebug|x64.ActiveCfg = Debug|Any CPU
		{B2FEC47F-6033-43EC-A1F4-B5D5983CBB8E}.LinuxDebug|x64.Build.0 = Debug|Any CPU
		{B2FEC47F-6033-43EC-A1F4-B5D5983CBB8E}.LinuxDebug|x86.ActiveCfg = Debug|Any CPU
		{B2FEC47F-6033-43EC-A1F4-B5D5983CBB8E}.LinuxDebug|x86.Build.0 = Debug|Any CPU
		{B2FEC47F-6033-43EC-A1F4-B5D5983CBB8E}.LinuxRelease|Any CPU.ActiveCfg = LinuxRelease|Any CPU
		{B2FEC47F-6033-43EC-A1F4-B5D5983CBB8E}.LinuxRelease|Any CPU.Build.0 = LinuxRelease|Any CPU
		{B2FEC47F-6033-43EC-A1F4-B5D5983CBB8E}.LinuxRelease|x64.ActiveCfg = Release|Any CPU
		{B2FEC47F-6033-43EC-A1F4-B5D5983CBB8E}.LinuxRelease|x64.Build.0 = Release|Any CPU
		{B2FEC47F-6033-43EC-A1F4-B5D5983CBB8E}.LinuxRelease|x86.ActiveCfg = Release|Any CPU
		{B2FEC47F-6033-43EC-A1F4-B5D5983CBB8E}.LinuxRelease|x86.Build.0 = Release|Any CPU
		{B2FEC47F-6033-43EC-A1F4-B5D5983CBB8E}.MacDebug|Any CPU.ActiveCfg = MacDebug|Any CPU
		{B2FEC47F-6033-43EC-A1F4-B5D5983CBB8E}.MacDebug|Any CPU.Build.0 = MacDebug|Any CPU
		{B2FEC47F-6033-43EC-A1F4-B5D5983CBB8E}.MacDebug|x64.ActiveCfg = Debug|Any CPU
		{B2FEC47F-6033-43EC-A1F4-B5D5983CBB8E}.MacDebug|x64.Build.0 = Debug|Any CPU
		{B2FEC47F-6033-43EC-A1F4-B5D5983CBB8E}.MacDebug|x86.ActiveCfg = Debug|Any CPU
		{B2FEC47F-6033-43EC-A1F4-B5D5983CBB8E}.MacDebug|x86.Build.0 = Debug|Any CPU
		{B2FEC47F-6033-43EC-A1F4-B5D5983CBB8E}.MacRelease|Any CPU.ActiveCfg = MacRelease|Any CPU
		{B2FEC47F-6033-43EC-A1F4-B5D5983CBB8E}.MacRelease|Any CPU.Build.0 = MacRelease|Any CPU
		{B2FEC47F-6033-43EC-A1F4-B5D5983CBB8E}.MacRelease|x64.ActiveCfg = Release|Any CPU
		{B2FEC47F-6033-43EC-A1F4-B5D5983CBB8E}.MacRelease|x64.Build.0 = Release|Any CPU
		{B2FEC47F-6033-43EC-A1F4-B5D5983CBB8E}.MacRelease|x86.ActiveCfg = Release|Any CPU
		{B2FEC47F-6033-43EC-A1F4-B5D5983CBB8E}.MacRelease|x86.Build.0 = Release|Any CPU
		{B2FEC47F-6033-43EC-A1F4-B5D5983CBB8E}.Release|Any CPU.ActiveCfg = Release|Any CPU
		{B2FEC47F-6033-43EC-A1F4-B5D5983CBB8E}.Release|Any CPU.Build.0 = Release|Any CPU
		{B2FEC47F-6033-43EC-A1F4-B5D5983CBB8E}.Release|x64.ActiveCfg = Release|Any CPU
		{B2FEC47F-6033-43EC-A1F4-B5D5983CBB8E}.Release|x64.Build.0 = Release|Any CPU
		{B2FEC47F-6033-43EC-A1F4-B5D5983CBB8E}.Release|x86.ActiveCfg = Release|Any CPU
		{B2FEC47F-6033-43EC-A1F4-B5D5983CBB8E}.Release|x86.Build.0 = Release|Any CPU
		{B2FEC47F-6033-43EC-A1F4-B5D5983CBB8E}.WindowsDebug|Any CPU.ActiveCfg = WindowsDebug|Any CPU
		{B2FEC47F-6033-43EC-A1F4-B5D5983CBB8E}.WindowsDebug|Any CPU.Build.0 = WindowsDebug|Any CPU
		{B2FEC47F-6033-43EC-A1F4-B5D5983CBB8E}.WindowsDebug|x64.ActiveCfg = Debug|Any CPU
		{B2FEC47F-6033-43EC-A1F4-B5D5983CBB8E}.WindowsDebug|x64.Build.0 = Debug|Any CPU
		{B2FEC47F-6033-43EC-A1F4-B5D5983CBB8E}.WindowsDebug|x86.ActiveCfg = Debug|Any CPU
		{B2FEC47F-6033-43EC-A1F4-B5D5983CBB8E}.WindowsDebug|x86.Build.0 = Debug|Any CPU
		{B2FEC47F-6033-43EC-A1F4-B5D5983CBB8E}.WindowsRelease|Any CPU.ActiveCfg = WindowsRelease|Any CPU
		{B2FEC47F-6033-43EC-A1F4-B5D5983CBB8E}.WindowsRelease|Any CPU.Build.0 = WindowsRelease|Any CPU
		{B2FEC47F-6033-43EC-A1F4-B5D5983CBB8E}.WindowsRelease|x64.ActiveCfg = Release|Any CPU
		{B2FEC47F-6033-43EC-A1F4-B5D5983CBB8E}.WindowsRelease|x64.Build.0 = Release|Any CPU
		{B2FEC47F-6033-43EC-A1F4-B5D5983CBB8E}.WindowsRelease|x86.ActiveCfg = Release|Any CPU
		{B2FEC47F-6033-43EC-A1F4-B5D5983CBB8E}.WindowsRelease|x86.Build.0 = Release|Any CPU
		{E7355C62-2C99-48CF-99C9-40AE9EC9886F}.Debug|Any CPU.ActiveCfg = Debug|Any CPU
		{E7355C62-2C99-48CF-99C9-40AE9EC9886F}.Debug|Any CPU.Build.0 = Debug|Any CPU
		{E7355C62-2C99-48CF-99C9-40AE9EC9886F}.Debug|x64.ActiveCfg = Debug|Any CPU
		{E7355C62-2C99-48CF-99C9-40AE9EC9886F}.Debug|x64.Build.0 = Debug|Any CPU
		{E7355C62-2C99-48CF-99C9-40AE9EC9886F}.Debug|x86.ActiveCfg = Debug|Any CPU
		{E7355C62-2C99-48CF-99C9-40AE9EC9886F}.Debug|x86.Build.0 = Debug|Any CPU
		{E7355C62-2C99-48CF-99C9-40AE9EC9886F}.LinuxDebug|Any CPU.ActiveCfg = LinuxDebug|Any CPU
		{E7355C62-2C99-48CF-99C9-40AE9EC9886F}.LinuxDebug|Any CPU.Build.0 = LinuxDebug|Any CPU
		{E7355C62-2C99-48CF-99C9-40AE9EC9886F}.LinuxDebug|x64.ActiveCfg = Debug|Any CPU
		{E7355C62-2C99-48CF-99C9-40AE9EC9886F}.LinuxDebug|x64.Build.0 = Debug|Any CPU
		{E7355C62-2C99-48CF-99C9-40AE9EC9886F}.LinuxDebug|x86.ActiveCfg = Debug|Any CPU
		{E7355C62-2C99-48CF-99C9-40AE9EC9886F}.LinuxDebug|x86.Build.0 = Debug|Any CPU
		{E7355C62-2C99-48CF-99C9-40AE9EC9886F}.LinuxRelease|Any CPU.ActiveCfg = LinuxRelease|Any CPU
		{E7355C62-2C99-48CF-99C9-40AE9EC9886F}.LinuxRelease|Any CPU.Build.0 = LinuxRelease|Any CPU
		{E7355C62-2C99-48CF-99C9-40AE9EC9886F}.LinuxRelease|x64.ActiveCfg = Release|Any CPU
		{E7355C62-2C99-48CF-99C9-40AE9EC9886F}.LinuxRelease|x64.Build.0 = Release|Any CPU
		{E7355C62-2C99-48CF-99C9-40AE9EC9886F}.LinuxRelease|x86.ActiveCfg = Release|Any CPU
		{E7355C62-2C99-48CF-99C9-40AE9EC9886F}.LinuxRelease|x86.Build.0 = Release|Any CPU
		{E7355C62-2C99-48CF-99C9-40AE9EC9886F}.MacDebug|Any CPU.ActiveCfg = MacDebug|Any CPU
		{E7355C62-2C99-48CF-99C9-40AE9EC9886F}.MacDebug|Any CPU.Build.0 = MacDebug|Any CPU
		{E7355C62-2C99-48CF-99C9-40AE9EC9886F}.MacDebug|x64.ActiveCfg = Debug|Any CPU
		{E7355C62-2C99-48CF-99C9-40AE9EC9886F}.MacDebug|x64.Build.0 = Debug|Any CPU
		{E7355C62-2C99-48CF-99C9-40AE9EC9886F}.MacDebug|x86.ActiveCfg = Debug|Any CPU
		{E7355C62-2C99-48CF-99C9-40AE9EC9886F}.MacDebug|x86.Build.0 = Debug|Any CPU
		{E7355C62-2C99-48CF-99C9-40AE9EC9886F}.MacRelease|Any CPU.ActiveCfg = MacRelease|Any CPU
		{E7355C62-2C99-48CF-99C9-40AE9EC9886F}.MacRelease|Any CPU.Build.0 = MacRelease|Any CPU
		{E7355C62-2C99-48CF-99C9-40AE9EC9886F}.MacRelease|x64.ActiveCfg = Release|Any CPU
		{E7355C62-2C99-48CF-99C9-40AE9EC9886F}.MacRelease|x64.Build.0 = Release|Any CPU
		{E7355C62-2C99-48CF-99C9-40AE9EC9886F}.MacRelease|x86.ActiveCfg = Release|Any CPU
		{E7355C62-2C99-48CF-99C9-40AE9EC9886F}.MacRelease|x86.Build.0 = Release|Any CPU
		{E7355C62-2C99-48CF-99C9-40AE9EC9886F}.Release|Any CPU.ActiveCfg = Release|Any CPU
		{E7355C62-2C99-48CF-99C9-40AE9EC9886F}.Release|Any CPU.Build.0 = Release|Any CPU
		{E7355C62-2C99-48CF-99C9-40AE9EC9886F}.Release|x64.ActiveCfg = Release|Any CPU
		{E7355C62-2C99-48CF-99C9-40AE9EC9886F}.Release|x64.Build.0 = Release|Any CPU
		{E7355C62-2C99-48CF-99C9-40AE9EC9886F}.Release|x86.ActiveCfg = Release|Any CPU
		{E7355C62-2C99-48CF-99C9-40AE9EC9886F}.Release|x86.Build.0 = Release|Any CPU
		{E7355C62-2C99-48CF-99C9-40AE9EC9886F}.WindowsDebug|Any CPU.ActiveCfg = WindowsDebug|Any CPU
		{E7355C62-2C99-48CF-99C9-40AE9EC9886F}.WindowsDebug|Any CPU.Build.0 = WindowsDebug|Any CPU
		{E7355C62-2C99-48CF-99C9-40AE9EC9886F}.WindowsDebug|x64.ActiveCfg = Debug|Any CPU
		{E7355C62-2C99-48CF-99C9-40AE9EC9886F}.WindowsDebug|x64.Build.0 = Debug|Any CPU
		{E7355C62-2C99-48CF-99C9-40AE9EC9886F}.WindowsDebug|x86.ActiveCfg = Debug|Any CPU
		{E7355C62-2C99-48CF-99C9-40AE9EC9886F}.WindowsDebug|x86.Build.0 = Debug|Any CPU
		{E7355C62-2C99-48CF-99C9-40AE9EC9886F}.WindowsRelease|Any CPU.ActiveCfg = WindowsRelease|Any CPU
		{E7355C62-2C99-48CF-99C9-40AE9EC9886F}.WindowsRelease|Any CPU.Build.0 = WindowsRelease|Any CPU
		{E7355C62-2C99-48CF-99C9-40AE9EC9886F}.WindowsRelease|x64.ActiveCfg = Release|Any CPU
		{E7355C62-2C99-48CF-99C9-40AE9EC9886F}.WindowsRelease|x64.Build.0 = Release|Any CPU
		{E7355C62-2C99-48CF-99C9-40AE9EC9886F}.WindowsRelease|x86.ActiveCfg = Release|Any CPU
		{E7355C62-2C99-48CF-99C9-40AE9EC9886F}.WindowsRelease|x86.Build.0 = Release|Any CPU
	EndGlobalSection
	GlobalSection(SolutionProperties) = preSolution
		HideSolutionNode = FALSE
	EndGlobalSection
	GlobalSection(ExtensibilityGlobals) = postSolution
		SolutionGuid = {EEF4E2FF-59E8-4CAE-B02E-483B404B59FB}
	EndGlobalSection
EndGlobal
