
Microsoft Visual Studio Solution File, Format Version 12.00
# Visual Studio Version 16
VisualStudioVersion = 16.0.29418.71
MinimumVisualStudioVersion = 10.0.40219.1
Project("{9A19103F-16F7-4668-BE54-9A1E7A4F7556}") = "Freeserf.Core", "Freeserf.Core\Freeserf.Core.csproj", "{EEFCF9AA-D472-4B79-AD82-C1871BB60DBA}"
EndProject
Project("{9A19103F-16F7-4668-BE54-9A1E7A4F7556}") = "Freeserf.Renderer.OpenTK", "Freeserf.Renderer.OpenTK\Freeserf.Renderer.OpenTK.csproj", "{2583EC5A-7B63-4005-9390-35C9144013CC}"
EndProject
Project("{FAE04EC0-301F-11D3-BF4B-00C04F79EFBC}") = "Freeserf.net", "Freeserf.net\Freeserf.net.csproj", "{EA9340AB-CDD1-40EE-B242-F405C0E1F6F9}"
	ProjectSection(ProjectDependencies) = postProject
		{B8167757-3E29-4C09-BF9F-6DEAB3D39F05} = {B8167757-3E29-4C09-BF9F-6DEAB3D39F05}
	EndProjectSection
EndProject
Project("{9A19103F-16F7-4668-BE54-9A1E7A4F7556}") = "Freeserf.Network", "Freeserf.Network\Freeserf.Network.csproj", "{CDCEFBBE-DF01-4454-BA67-49F4B846A5B1}"
EndProject
Project("{FAE04EC0-301F-11D3-BF4B-00C04F79EFBC}") = "FreeserfPatcher", "FreeserfPatcher\FreeserfPatcher.csproj", "{7F858DC6-0030-45E7-881B-3AA7B6CEFFD5}"
EndProject
Project("{9A19103F-16F7-4668-BE54-9A1E7A4F7556}") = "FreeserfNet", "FreeserfNet\FreeserfNet.csproj", "{BEA0643A-664B-48BC-ACA4-36E49BEA2EFA}"
EndProject
Project("{2150E333-8FDC-42A3-9474-1A3956D46DE8}") = "Solution Items", "Solution Items", "{2ACA94E3-5288-4E69-B92F-74AADD92CE12}"
	ProjectSection(SolutionItems) = preProject
		.gitattributes = .gitattributes
		.gitignore = .gitignore
		.travis.yml = .travis.yml
		appveyor.yml = appveyor.yml
		changelog.txt = changelog.txt
		LICENSE = LICENSE
		README.md = README.md
	EndProjectSection
EndProject
Project("{2150E333-8FDC-42A3-9474-1A3956D46DE8}") = "templates", "templates", "{30896AA8-06B4-46B1-8AE3-338394431D7C}"
	ProjectSection(SolutionItems) = preProject
		templates\changelog.txt = templates\changelog.txt
		templates\README.md = templates\README.md
	EndProjectSection
EndProject
Project("{FAE04EC0-301F-11D3-BF4B-00C04F79EFBC}") = "Freeserf.BuildVersion", "Freeserf.BuildVersion\Freeserf.BuildVersion.csproj", "{B8167757-3E29-4C09-BF9F-6DEAB3D39F05}"
EndProject
Project("{9A19103F-16F7-4668-BE54-9A1E7A4F7556}") = "Freeserf.Renderer", "Freeserf.Renderer\Freeserf.Renderer.csproj", "{93AD316F-2A18-48E8-8865-75E9EC01093C}"
EndProject
Global
	GlobalSection(SolutionConfigurationPlatforms) = preSolution
		Debug|Any CPU = Debug|Any CPU
		Debug|x64 = Debug|x64
		Debug|x86 = Debug|x86
		LinuxDebug|Any CPU = LinuxDebug|Any CPU
		LinuxDebug|x64 = LinuxDebug|x64
		LinuxDebug|x86 = LinuxDebug|x86
		LinuxRelease|Any CPU = LinuxRelease|Any CPU
		LinuxRelease|x64 = LinuxRelease|x64
		LinuxRelease|x86 = LinuxRelease|x86
		MacDebug|Any CPU = MacDebug|Any CPU
		MacDebug|x64 = MacDebug|x64
		MacDebug|x86 = MacDebug|x86
		MacRelease|Any CPU = MacRelease|Any CPU
		MacRelease|x64 = MacRelease|x64
		MacRelease|x86 = MacRelease|x86
		Release|Any CPU = Release|Any CPU
		Release|x64 = Release|x64
		Release|x86 = Release|x86
		WindowsDebug|Any CPU = WindowsDebug|Any CPU
		WindowsDebug|x64 = WindowsDebug|x64
		WindowsDebug|x86 = WindowsDebug|x86
		WindowsRelease|Any CPU = WindowsRelease|Any CPU
		WindowsRelease|x64 = WindowsRelease|x64
		WindowsRelease|x86 = WindowsRelease|x86
	EndGlobalSection
	GlobalSection(ProjectConfigurationPlatforms) = postSolution
		{EEFCF9AA-D472-4B79-AD82-C1871BB60DBA}.Debug|Any CPU.ActiveCfg = Debug|Any CPU
		{EEFCF9AA-D472-4B79-AD82-C1871BB60DBA}.Debug|Any CPU.Build.0 = Debug|Any CPU
		{EEFCF9AA-D472-4B79-AD82-C1871BB60DBA}.Debug|x64.ActiveCfg = Debug|Any CPU
		{EEFCF9AA-D472-4B79-AD82-C1871BB60DBA}.Debug|x64.Build.0 = Debug|Any CPU
		{EEFCF9AA-D472-4B79-AD82-C1871BB60DBA}.Debug|x86.ActiveCfg = Debug|Any CPU
		{EEFCF9AA-D472-4B79-AD82-C1871BB60DBA}.Debug|x86.Build.0 = Debug|Any CPU
		{EEFCF9AA-D472-4B79-AD82-C1871BB60DBA}.LinuxDebug|Any CPU.ActiveCfg = LinuxDebug|Any CPU
		{EEFCF9AA-D472-4B79-AD82-C1871BB60DBA}.LinuxDebug|Any CPU.Build.0 = LinuxDebug|Any CPU
		{EEFCF9AA-D472-4B79-AD82-C1871BB60DBA}.LinuxDebug|x64.ActiveCfg = LinuxDebug|Any CPU
		{EEFCF9AA-D472-4B79-AD82-C1871BB60DBA}.LinuxDebug|x64.Build.0 = LinuxDebug|Any CPU
		{EEFCF9AA-D472-4B79-AD82-C1871BB60DBA}.LinuxDebug|x86.ActiveCfg = LinuxDebug|Any CPU
		{EEFCF9AA-D472-4B79-AD82-C1871BB60DBA}.LinuxDebug|x86.Build.0 = LinuxDebug|Any CPU
		{EEFCF9AA-D472-4B79-AD82-C1871BB60DBA}.LinuxRelease|Any CPU.ActiveCfg = LinuxRelease|Any CPU
		{EEFCF9AA-D472-4B79-AD82-C1871BB60DBA}.LinuxRelease|Any CPU.Build.0 = LinuxRelease|Any CPU
		{EEFCF9AA-D472-4B79-AD82-C1871BB60DBA}.LinuxRelease|x64.ActiveCfg = LinuxRelease|Any CPU
		{EEFCF9AA-D472-4B79-AD82-C1871BB60DBA}.LinuxRelease|x64.Build.0 = LinuxRelease|Any CPU
		{EEFCF9AA-D472-4B79-AD82-C1871BB60DBA}.LinuxRelease|x86.ActiveCfg = LinuxRelease|Any CPU
		{EEFCF9AA-D472-4B79-AD82-C1871BB60DBA}.LinuxRelease|x86.Build.0 = LinuxRelease|Any CPU
		{EEFCF9AA-D472-4B79-AD82-C1871BB60DBA}.MacDebug|Any CPU.ActiveCfg = MacDebug|Any CPU
		{EEFCF9AA-D472-4B79-AD82-C1871BB60DBA}.MacDebug|Any CPU.Build.0 = MacDebug|Any CPU
		{EEFCF9AA-D472-4B79-AD82-C1871BB60DBA}.MacDebug|x64.ActiveCfg = MacDebug|Any CPU
		{EEFCF9AA-D472-4B79-AD82-C1871BB60DBA}.MacDebug|x64.Build.0 = MacDebug|Any CPU
		{EEFCF9AA-D472-4B79-AD82-C1871BB60DBA}.MacDebug|x86.ActiveCfg = MacDebug|Any CPU
		{EEFCF9AA-D472-4B79-AD82-C1871BB60DBA}.MacDebug|x86.Build.0 = MacDebug|Any CPU
		{EEFCF9AA-D472-4B79-AD82-C1871BB60DBA}.MacRelease|Any CPU.ActiveCfg = MacRelease|Any CPU
		{EEFCF9AA-D472-4B79-AD82-C1871BB60DBA}.MacRelease|Any CPU.Build.0 = MacRelease|Any CPU
		{EEFCF9AA-D472-4B79-AD82-C1871BB60DBA}.MacRelease|x64.ActiveCfg = MacRelease|Any CPU
		{EEFCF9AA-D472-4B79-AD82-C1871BB60DBA}.MacRelease|x64.Build.0 = MacRelease|Any CPU
		{EEFCF9AA-D472-4B79-AD82-C1871BB60DBA}.MacRelease|x86.ActiveCfg = MacRelease|Any CPU
		{EEFCF9AA-D472-4B79-AD82-C1871BB60DBA}.MacRelease|x86.Build.0 = MacRelease|Any CPU
		{EEFCF9AA-D472-4B79-AD82-C1871BB60DBA}.Release|Any CPU.ActiveCfg = Release|Any CPU
		{EEFCF9AA-D472-4B79-AD82-C1871BB60DBA}.Release|Any CPU.Build.0 = Release|Any CPU
		{EEFCF9AA-D472-4B79-AD82-C1871BB60DBA}.Release|x64.ActiveCfg = Release|Any CPU
		{EEFCF9AA-D472-4B79-AD82-C1871BB60DBA}.Release|x64.Build.0 = Release|Any CPU
		{EEFCF9AA-D472-4B79-AD82-C1871BB60DBA}.Release|x86.ActiveCfg = Release|Any CPU
		{EEFCF9AA-D472-4B79-AD82-C1871BB60DBA}.Release|x86.Build.0 = Release|Any CPU
		{EEFCF9AA-D472-4B79-AD82-C1871BB60DBA}.WindowsDebug|Any CPU.ActiveCfg = WindowsDebug|Any CPU
		{EEFCF9AA-D472-4B79-AD82-C1871BB60DBA}.WindowsDebug|Any CPU.Build.0 = WindowsDebug|Any CPU
		{EEFCF9AA-D472-4B79-AD82-C1871BB60DBA}.WindowsDebug|x64.ActiveCfg = WindowsDebug|Any CPU
		{EEFCF9AA-D472-4B79-AD82-C1871BB60DBA}.WindowsDebug|x64.Build.0 = WindowsDebug|Any CPU
		{EEFCF9AA-D472-4B79-AD82-C1871BB60DBA}.WindowsDebug|x86.ActiveCfg = WindowsDebug|Any CPU
		{EEFCF9AA-D472-4B79-AD82-C1871BB60DBA}.WindowsDebug|x86.Build.0 = WindowsDebug|Any CPU
		{EEFCF9AA-D472-4B79-AD82-C1871BB60DBA}.WindowsRelease|Any CPU.ActiveCfg = WindowsRelease|Any CPU
		{EEFCF9AA-D472-4B79-AD82-C1871BB60DBA}.WindowsRelease|Any CPU.Build.0 = WindowsRelease|Any CPU
		{EEFCF9AA-D472-4B79-AD82-C1871BB60DBA}.WindowsRelease|x64.ActiveCfg = WindowsRelease|Any CPU
		{EEFCF9AA-D472-4B79-AD82-C1871BB60DBA}.WindowsRelease|x64.Build.0 = WindowsRelease|Any CPU
		{EEFCF9AA-D472-4B79-AD82-C1871BB60DBA}.WindowsRelease|x86.ActiveCfg = WindowsRelease|Any CPU
		{EEFCF9AA-D472-4B79-AD82-C1871BB60DBA}.WindowsRelease|x86.Build.0 = WindowsRelease|Any CPU
		{2583EC5A-7B63-4005-9390-35C9144013CC}.Debug|Any CPU.ActiveCfg = Debug|Any CPU
		{2583EC5A-7B63-4005-9390-35C9144013CC}.Debug|Any CPU.Build.0 = Debug|Any CPU
		{2583EC5A-7B63-4005-9390-35C9144013CC}.Debug|x64.ActiveCfg = Debug|Any CPU
		{2583EC5A-7B63-4005-9390-35C9144013CC}.Debug|x64.Build.0 = Debug|Any CPU
		{2583EC5A-7B63-4005-9390-35C9144013CC}.Debug|x86.ActiveCfg = Debug|Any CPU
		{2583EC5A-7B63-4005-9390-35C9144013CC}.Debug|x86.Build.0 = Debug|Any CPU
		{2583EC5A-7B63-4005-9390-35C9144013CC}.LinuxDebug|Any CPU.ActiveCfg = LinuxDebug|Any CPU
		{2583EC5A-7B63-4005-9390-35C9144013CC}.LinuxDebug|Any CPU.Build.0 = LinuxDebug|Any CPU
		{2583EC5A-7B63-4005-9390-35C9144013CC}.LinuxDebug|x64.ActiveCfg = LinuxDebug|Any CPU
		{2583EC5A-7B63-4005-9390-35C9144013CC}.LinuxDebug|x64.Build.0 = LinuxDebug|Any CPU
		{2583EC5A-7B63-4005-9390-35C9144013CC}.LinuxDebug|x86.ActiveCfg = LinuxDebug|Any CPU
		{2583EC5A-7B63-4005-9390-35C9144013CC}.LinuxDebug|x86.Build.0 = LinuxDebug|Any CPU
		{2583EC5A-7B63-4005-9390-35C9144013CC}.LinuxRelease|Any CPU.ActiveCfg = LinuxRelease|Any CPU
		{2583EC5A-7B63-4005-9390-35C9144013CC}.LinuxRelease|Any CPU.Build.0 = LinuxRelease|Any CPU
		{2583EC5A-7B63-4005-9390-35C9144013CC}.LinuxRelease|x64.ActiveCfg = LinuxRelease|Any CPU
		{2583EC5A-7B63-4005-9390-35C9144013CC}.LinuxRelease|x64.Build.0 = LinuxRelease|Any CPU
		{2583EC5A-7B63-4005-9390-35C9144013CC}.LinuxRelease|x86.ActiveCfg = LinuxRelease|Any CPU
		{2583EC5A-7B63-4005-9390-35C9144013CC}.LinuxRelease|x86.Build.0 = LinuxRelease|Any CPU
		{2583EC5A-7B63-4005-9390-35C9144013CC}.MacDebug|Any CPU.ActiveCfg = MacDebug|Any CPU
		{2583EC5A-7B63-4005-9390-35C9144013CC}.MacDebug|Any CPU.Build.0 = MacDebug|Any CPU
		{2583EC5A-7B63-4005-9390-35C9144013CC}.MacDebug|x64.ActiveCfg = MacDebug|Any CPU
		{2583EC5A-7B63-4005-9390-35C9144013CC}.MacDebug|x64.Build.0 = MacDebug|Any CPU
		{2583EC5A-7B63-4005-9390-35C9144013CC}.MacDebug|x86.ActiveCfg = MacDebug|Any CPU
		{2583EC5A-7B63-4005-9390-35C9144013CC}.MacDebug|x86.Build.0 = MacDebug|Any CPU
		{2583EC5A-7B63-4005-9390-35C9144013CC}.MacRelease|Any CPU.ActiveCfg = MacRelease|Any CPU
		{2583EC5A-7B63-4005-9390-35C9144013CC}.MacRelease|Any CPU.Build.0 = MacRelease|Any CPU
		{2583EC5A-7B63-4005-9390-35C9144013CC}.MacRelease|x64.ActiveCfg = MacRelease|Any CPU
		{2583EC5A-7B63-4005-9390-35C9144013CC}.MacRelease|x64.Build.0 = MacRelease|Any CPU
		{2583EC5A-7B63-4005-9390-35C9144013CC}.MacRelease|x86.ActiveCfg = MacRelease|Any CPU
		{2583EC5A-7B63-4005-9390-35C9144013CC}.MacRelease|x86.Build.0 = MacRelease|Any CPU
		{2583EC5A-7B63-4005-9390-35C9144013CC}.Release|Any CPU.ActiveCfg = Release|Any CPU
		{2583EC5A-7B63-4005-9390-35C9144013CC}.Release|Any CPU.Build.0 = Release|Any CPU
		{2583EC5A-7B63-4005-9390-35C9144013CC}.Release|x64.ActiveCfg = Release|Any CPU
		{2583EC5A-7B63-4005-9390-35C9144013CC}.Release|x64.Build.0 = Release|Any CPU
		{2583EC5A-7B63-4005-9390-35C9144013CC}.Release|x86.ActiveCfg = Release|Any CPU
		{2583EC5A-7B63-4005-9390-35C9144013CC}.Release|x86.Build.0 = Release|Any CPU
		{2583EC5A-7B63-4005-9390-35C9144013CC}.WindowsDebug|Any CPU.ActiveCfg = WindowsDebug|Any CPU
		{2583EC5A-7B63-4005-9390-35C9144013CC}.WindowsDebug|Any CPU.Build.0 = WindowsDebug|Any CPU
		{2583EC5A-7B63-4005-9390-35C9144013CC}.WindowsDebug|x64.ActiveCfg = WindowsDebug|Any CPU
		{2583EC5A-7B63-4005-9390-35C9144013CC}.WindowsDebug|x64.Build.0 = WindowsDebug|Any CPU
		{2583EC5A-7B63-4005-9390-35C9144013CC}.WindowsDebug|x86.ActiveCfg = WindowsDebug|Any CPU
		{2583EC5A-7B63-4005-9390-35C9144013CC}.WindowsDebug|x86.Build.0 = WindowsDebug|Any CPU
		{2583EC5A-7B63-4005-9390-35C9144013CC}.WindowsRelease|Any CPU.ActiveCfg = WindowsRelease|Any CPU
		{2583EC5A-7B63-4005-9390-35C9144013CC}.WindowsRelease|Any CPU.Build.0 = WindowsRelease|Any CPU
		{2583EC5A-7B63-4005-9390-35C9144013CC}.WindowsRelease|x64.ActiveCfg = WindowsRelease|Any CPU
		{2583EC5A-7B63-4005-9390-35C9144013CC}.WindowsRelease|x64.Build.0 = WindowsRelease|Any CPU
		{2583EC5A-7B63-4005-9390-35C9144013CC}.WindowsRelease|x86.ActiveCfg = WindowsRelease|Any CPU
		{2583EC5A-7B63-4005-9390-35C9144013CC}.WindowsRelease|x86.Build.0 = WindowsRelease|Any CPU
		{EA9340AB-CDD1-40EE-B242-F405C0E1F6F9}.Debug|Any CPU.ActiveCfg = Debug|Any CPU
		{EA9340AB-CDD1-40EE-B242-F405C0E1F6F9}.Debug|Any CPU.Build.0 = Debug|Any CPU
		{EA9340AB-CDD1-40EE-B242-F405C0E1F6F9}.Debug|x64.ActiveCfg = Debug|Any CPU
		{EA9340AB-CDD1-40EE-B242-F405C0E1F6F9}.Debug|x64.Build.0 = Debug|Any CPU
		{EA9340AB-CDD1-40EE-B242-F405C0E1F6F9}.Debug|x86.ActiveCfg = Debug|Any CPU
		{EA9340AB-CDD1-40EE-B242-F405C0E1F6F9}.Debug|x86.Build.0 = Debug|Any CPU
		{EA9340AB-CDD1-40EE-B242-F405C0E1F6F9}.LinuxDebug|Any CPU.ActiveCfg = LinuxDebug|Any CPU
		{EA9340AB-CDD1-40EE-B242-F405C0E1F6F9}.LinuxDebug|Any CPU.Build.0 = LinuxDebug|Any CPU
		{EA9340AB-CDD1-40EE-B242-F405C0E1F6F9}.LinuxDebug|x64.ActiveCfg = LinuxDebug|Any CPU
		{EA9340AB-CDD1-40EE-B242-F405C0E1F6F9}.LinuxDebug|x64.Build.0 = LinuxDebug|Any CPU
		{EA9340AB-CDD1-40EE-B242-F405C0E1F6F9}.LinuxDebug|x86.ActiveCfg = LinuxDebug|Any CPU
		{EA9340AB-CDD1-40EE-B242-F405C0E1F6F9}.LinuxDebug|x86.Build.0 = LinuxDebug|Any CPU
		{EA9340AB-CDD1-40EE-B242-F405C0E1F6F9}.LinuxRelease|Any CPU.ActiveCfg = LinuxRelease|Any CPU
		{EA9340AB-CDD1-40EE-B242-F405C0E1F6F9}.LinuxRelease|Any CPU.Build.0 = LinuxRelease|Any CPU
		{EA9340AB-CDD1-40EE-B242-F405C0E1F6F9}.LinuxRelease|x64.ActiveCfg = LinuxRelease|Any CPU
		{EA9340AB-CDD1-40EE-B242-F405C0E1F6F9}.LinuxRelease|x64.Build.0 = LinuxRelease|Any CPU
		{EA9340AB-CDD1-40EE-B242-F405C0E1F6F9}.LinuxRelease|x86.ActiveCfg = LinuxRelease|Any CPU
		{EA9340AB-CDD1-40EE-B242-F405C0E1F6F9}.LinuxRelease|x86.Build.0 = LinuxRelease|Any CPU
		{EA9340AB-CDD1-40EE-B242-F405C0E1F6F9}.MacDebug|Any CPU.ActiveCfg = MacDebug|Any CPU
		{EA9340AB-CDD1-40EE-B242-F405C0E1F6F9}.MacDebug|Any CPU.Build.0 = MacDebug|Any CPU
		{EA9340AB-CDD1-40EE-B242-F405C0E1F6F9}.MacDebug|x64.ActiveCfg = MacDebug|Any CPU
		{EA9340AB-CDD1-40EE-B242-F405C0E1F6F9}.MacDebug|x64.Build.0 = MacDebug|Any CPU
		{EA9340AB-CDD1-40EE-B242-F405C0E1F6F9}.MacDebug|x86.ActiveCfg = MacDebug|Any CPU
		{EA9340AB-CDD1-40EE-B242-F405C0E1F6F9}.MacDebug|x86.Build.0 = MacDebug|Any CPU
		{EA9340AB-CDD1-40EE-B242-F405C0E1F6F9}.MacRelease|Any CPU.ActiveCfg = MacRelease|Any CPU
		{EA9340AB-CDD1-40EE-B242-F405C0E1F6F9}.MacRelease|Any CPU.Build.0 = MacRelease|Any CPU
		{EA9340AB-CDD1-40EE-B242-F405C0E1F6F9}.MacRelease|x64.ActiveCfg = MacRelease|Any CPU
		{EA9340AB-CDD1-40EE-B242-F405C0E1F6F9}.MacRelease|x64.Build.0 = MacRelease|Any CPU
		{EA9340AB-CDD1-40EE-B242-F405C0E1F6F9}.MacRelease|x86.ActiveCfg = MacRelease|Any CPU
		{EA9340AB-CDD1-40EE-B242-F405C0E1F6F9}.MacRelease|x86.Build.0 = MacRelease|Any CPU
		{EA9340AB-CDD1-40EE-B242-F405C0E1F6F9}.Release|Any CPU.ActiveCfg = Release|Any CPU
		{EA9340AB-CDD1-40EE-B242-F405C0E1F6F9}.Release|Any CPU.Build.0 = Release|Any CPU
		{EA9340AB-CDD1-40EE-B242-F405C0E1F6F9}.Release|x64.ActiveCfg = Release|Any CPU
		{EA9340AB-CDD1-40EE-B242-F405C0E1F6F9}.Release|x64.Build.0 = Release|Any CPU
		{EA9340AB-CDD1-40EE-B242-F405C0E1F6F9}.Release|x86.ActiveCfg = Release|Any CPU
		{EA9340AB-CDD1-40EE-B242-F405C0E1F6F9}.Release|x86.Build.0 = Release|Any CPU
		{EA9340AB-CDD1-40EE-B242-F405C0E1F6F9}.WindowsDebug|Any CPU.ActiveCfg = WindowsDebug|Any CPU
		{EA9340AB-CDD1-40EE-B242-F405C0E1F6F9}.WindowsDebug|Any CPU.Build.0 = WindowsDebug|Any CPU
		{EA9340AB-CDD1-40EE-B242-F405C0E1F6F9}.WindowsDebug|x64.ActiveCfg = WindowsDebug|Any CPU
		{EA9340AB-CDD1-40EE-B242-F405C0E1F6F9}.WindowsDebug|x64.Build.0 = WindowsDebug|Any CPU
		{EA9340AB-CDD1-40EE-B242-F405C0E1F6F9}.WindowsDebug|x86.ActiveCfg = WindowsDebug|Any CPU
		{EA9340AB-CDD1-40EE-B242-F405C0E1F6F9}.WindowsDebug|x86.Build.0 = WindowsDebug|Any CPU
		{EA9340AB-CDD1-40EE-B242-F405C0E1F6F9}.WindowsRelease|Any CPU.ActiveCfg = WindowsRelease|Any CPU
		{EA9340AB-CDD1-40EE-B242-F405C0E1F6F9}.WindowsRelease|Any CPU.Build.0 = WindowsRelease|Any CPU
		{EA9340AB-CDD1-40EE-B242-F405C0E1F6F9}.WindowsRelease|x64.ActiveCfg = WindowsRelease|Any CPU
		{EA9340AB-CDD1-40EE-B242-F405C0E1F6F9}.WindowsRelease|x64.Build.0 = WindowsRelease|Any CPU
		{EA9340AB-CDD1-40EE-B242-F405C0E1F6F9}.WindowsRelease|x86.ActiveCfg = WindowsRelease|Any CPU
		{EA9340AB-CDD1-40EE-B242-F405C0E1F6F9}.WindowsRelease|x86.Build.0 = WindowsRelease|Any CPU
		{CDCEFBBE-DF01-4454-BA67-49F4B846A5B1}.Debug|Any CPU.ActiveCfg = Debug|Any CPU
		{CDCEFBBE-DF01-4454-BA67-49F4B846A5B1}.Debug|Any CPU.Build.0 = Debug|Any CPU
		{CDCEFBBE-DF01-4454-BA67-49F4B846A5B1}.Debug|x64.ActiveCfg = Debug|Any CPU
		{CDCEFBBE-DF01-4454-BA67-49F4B846A5B1}.Debug|x64.Build.0 = Debug|Any CPU
		{CDCEFBBE-DF01-4454-BA67-49F4B846A5B1}.Debug|x86.ActiveCfg = Debug|Any CPU
		{CDCEFBBE-DF01-4454-BA67-49F4B846A5B1}.Debug|x86.Build.0 = Debug|Any CPU
		{CDCEFBBE-DF01-4454-BA67-49F4B846A5B1}.LinuxDebug|Any CPU.ActiveCfg = LinuxDebug|Any CPU
		{CDCEFBBE-DF01-4454-BA67-49F4B846A5B1}.LinuxDebug|Any CPU.Build.0 = LinuxDebug|Any CPU
		{CDCEFBBE-DF01-4454-BA67-49F4B846A5B1}.LinuxDebug|x64.ActiveCfg = LinuxDebug|Any CPU
		{CDCEFBBE-DF01-4454-BA67-49F4B846A5B1}.LinuxDebug|x64.Build.0 = LinuxDebug|Any CPU
		{CDCEFBBE-DF01-4454-BA67-49F4B846A5B1}.LinuxDebug|x86.ActiveCfg = LinuxDebug|Any CPU
		{CDCEFBBE-DF01-4454-BA67-49F4B846A5B1}.LinuxDebug|x86.Build.0 = LinuxDebug|Any CPU
		{CDCEFBBE-DF01-4454-BA67-49F4B846A5B1}.LinuxRelease|Any CPU.ActiveCfg = LinuxRelease|Any CPU
		{CDCEFBBE-DF01-4454-BA67-49F4B846A5B1}.LinuxRelease|Any CPU.Build.0 = LinuxRelease|Any CPU
		{CDCEFBBE-DF01-4454-BA67-49F4B846A5B1}.LinuxRelease|x64.ActiveCfg = LinuxRelease|Any CPU
		{CDCEFBBE-DF01-4454-BA67-49F4B846A5B1}.LinuxRelease|x64.Build.0 = LinuxRelease|Any CPU
		{CDCEFBBE-DF01-4454-BA67-49F4B846A5B1}.LinuxRelease|x86.ActiveCfg = LinuxRelease|Any CPU
		{CDCEFBBE-DF01-4454-BA67-49F4B846A5B1}.LinuxRelease|x86.Build.0 = LinuxRelease|Any CPU
		{CDCEFBBE-DF01-4454-BA67-49F4B846A5B1}.MacDebug|Any CPU.ActiveCfg = MacDebug|Any CPU
		{CDCEFBBE-DF01-4454-BA67-49F4B846A5B1}.MacDebug|Any CPU.Build.0 = MacDebug|Any CPU
		{CDCEFBBE-DF01-4454-BA67-49F4B846A5B1}.MacDebug|x64.ActiveCfg = MacDebug|Any CPU
		{CDCEFBBE-DF01-4454-BA67-49F4B846A5B1}.MacDebug|x64.Build.0 = MacDebug|Any CPU
		{CDCEFBBE-DF01-4454-BA67-49F4B846A5B1}.MacDebug|x86.ActiveCfg = MacDebug|Any CPU
		{CDCEFBBE-DF01-4454-BA67-49F4B846A5B1}.MacDebug|x86.Build.0 = MacDebug|Any CPU
		{CDCEFBBE-DF01-4454-BA67-49F4B846A5B1}.MacRelease|Any CPU.ActiveCfg = MacRelease|Any CPU
		{CDCEFBBE-DF01-4454-BA67-49F4B846A5B1}.MacRelease|Any CPU.Build.0 = MacRelease|Any CPU
		{CDCEFBBE-DF01-4454-BA67-49F4B846A5B1}.MacRelease|x64.ActiveCfg = MacRelease|Any CPU
		{CDCEFBBE-DF01-4454-BA67-49F4B846A5B1}.MacRelease|x64.Build.0 = MacRelease|Any CPU
		{CDCEFBBE-DF01-4454-BA67-49F4B846A5B1}.MacRelease|x86.ActiveCfg = MacRelease|Any CPU
		{CDCEFBBE-DF01-4454-BA67-49F4B846A5B1}.MacRelease|x86.Build.0 = MacRelease|Any CPU
		{CDCEFBBE-DF01-4454-BA67-49F4B846A5B1}.Release|Any CPU.ActiveCfg = Release|Any CPU
		{CDCEFBBE-DF01-4454-BA67-49F4B846A5B1}.Release|Any CPU.Build.0 = Release|Any CPU
		{CDCEFBBE-DF01-4454-BA67-49F4B846A5B1}.Release|x64.ActiveCfg = Release|Any CPU
		{CDCEFBBE-DF01-4454-BA67-49F4B846A5B1}.Release|x64.Build.0 = Release|Any CPU
		{CDCEFBBE-DF01-4454-BA67-49F4B846A5B1}.Release|x86.ActiveCfg = Release|Any CPU
		{CDCEFBBE-DF01-4454-BA67-49F4B846A5B1}.Release|x86.Build.0 = Release|Any CPU
		{CDCEFBBE-DF01-4454-BA67-49F4B846A5B1}.WindowsDebug|Any CPU.ActiveCfg = WindowsDebug|Any CPU
		{CDCEFBBE-DF01-4454-BA67-49F4B846A5B1}.WindowsDebug|Any CPU.Build.0 = WindowsDebug|Any CPU
		{CDCEFBBE-DF01-4454-BA67-49F4B846A5B1}.WindowsDebug|x64.ActiveCfg = WindowsDebug|Any CPU
		{CDCEFBBE-DF01-4454-BA67-49F4B846A5B1}.WindowsDebug|x64.Build.0 = WindowsDebug|Any CPU
		{CDCEFBBE-DF01-4454-BA67-49F4B846A5B1}.WindowsDebug|x86.ActiveCfg = WindowsDebug|Any CPU
		{CDCEFBBE-DF01-4454-BA67-49F4B846A5B1}.WindowsDebug|x86.Build.0 = WindowsDebug|Any CPU
		{CDCEFBBE-DF01-4454-BA67-49F4B846A5B1}.WindowsRelease|Any CPU.ActiveCfg = WindowsRelease|Any CPU
		{CDCEFBBE-DF01-4454-BA67-49F4B846A5B1}.WindowsRelease|Any CPU.Build.0 = WindowsRelease|Any CPU
		{CDCEFBBE-DF01-4454-BA67-49F4B846A5B1}.WindowsRelease|x64.ActiveCfg = WindowsRelease|Any CPU
		{CDCEFBBE-DF01-4454-BA67-49F4B846A5B1}.WindowsRelease|x64.Build.0 = WindowsRelease|Any CPU
		{CDCEFBBE-DF01-4454-BA67-49F4B846A5B1}.WindowsRelease|x86.ActiveCfg = WindowsRelease|Any CPU
		{CDCEFBBE-DF01-4454-BA67-49F4B846A5B1}.WindowsRelease|x86.Build.0 = WindowsRelease|Any CPU
		{7F858DC6-0030-45E7-881B-3AA7B6CEFFD5}.Debug|Any CPU.ActiveCfg = Debug|Any CPU
		{7F858DC6-0030-45E7-881B-3AA7B6CEFFD5}.Debug|Any CPU.Build.0 = Debug|Any CPU
		{7F858DC6-0030-45E7-881B-3AA7B6CEFFD5}.Debug|x64.ActiveCfg = Debug|Any CPU
		{7F858DC6-0030-45E7-881B-3AA7B6CEFFD5}.Debug|x64.Build.0 = Debug|Any CPU
		{7F858DC6-0030-45E7-881B-3AA7B6CEFFD5}.Debug|x86.ActiveCfg = Debug|Any CPU
		{7F858DC6-0030-45E7-881B-3AA7B6CEFFD5}.Debug|x86.Build.0 = Debug|Any CPU
		{7F858DC6-0030-45E7-881B-3AA7B6CEFFD5}.LinuxDebug|Any CPU.ActiveCfg = LinuxDebug|Any CPU
		{7F858DC6-0030-45E7-881B-3AA7B6CEFFD5}.LinuxDebug|Any CPU.Build.0 = LinuxDebug|Any CPU
		{7F858DC6-0030-45E7-881B-3AA7B6CEFFD5}.LinuxDebug|x64.ActiveCfg = LinuxDebug|Any CPU
		{7F858DC6-0030-45E7-881B-3AA7B6CEFFD5}.LinuxDebug|x64.Build.0 = LinuxDebug|Any CPU
		{7F858DC6-0030-45E7-881B-3AA7B6CEFFD5}.LinuxDebug|x86.ActiveCfg = LinuxDebug|Any CPU
		{7F858DC6-0030-45E7-881B-3AA7B6CEFFD5}.LinuxDebug|x86.Build.0 = LinuxDebug|Any CPU
		{7F858DC6-0030-45E7-881B-3AA7B6CEFFD5}.LinuxRelease|Any CPU.ActiveCfg = LinuxRelease|Any CPU
		{7F858DC6-0030-45E7-881B-3AA7B6CEFFD5}.LinuxRelease|Any CPU.Build.0 = LinuxRelease|Any CPU
		{7F858DC6-0030-45E7-881B-3AA7B6CEFFD5}.LinuxRelease|x64.ActiveCfg = LinuxRelease|Any CPU
		{7F858DC6-0030-45E7-881B-3AA7B6CEFFD5}.LinuxRelease|x64.Build.0 = LinuxRelease|Any CPU
		{7F858DC6-0030-45E7-881B-3AA7B6CEFFD5}.LinuxRelease|x86.ActiveCfg = LinuxRelease|Any CPU
		{7F858DC6-0030-45E7-881B-3AA7B6CEFFD5}.LinuxRelease|x86.Build.0 = LinuxRelease|Any CPU
		{7F858DC6-0030-45E7-881B-3AA7B6CEFFD5}.MacDebug|Any CPU.ActiveCfg = MacDebug|Any CPU
		{7F858DC6-0030-45E7-881B-3AA7B6CEFFD5}.MacDebug|Any CPU.Build.0 = MacDebug|Any CPU
		{7F858DC6-0030-45E7-881B-3AA7B6CEFFD5}.MacDebug|x64.ActiveCfg = MacDebug|Any CPU
		{7F858DC6-0030-45E7-881B-3AA7B6CEFFD5}.MacDebug|x64.Build.0 = MacDebug|Any CPU
		{7F858DC6-0030-45E7-881B-3AA7B6CEFFD5}.MacDebug|x86.ActiveCfg = MacDebug|Any CPU
		{7F858DC6-0030-45E7-881B-3AA7B6CEFFD5}.MacDebug|x86.Build.0 = MacDebug|Any CPU
		{7F858DC6-0030-45E7-881B-3AA7B6CEFFD5}.MacRelease|Any CPU.ActiveCfg = MacRelease|Any CPU
		{7F858DC6-0030-45E7-881B-3AA7B6CEFFD5}.MacRelease|Any CPU.Build.0 = MacRelease|Any CPU
		{7F858DC6-0030-45E7-881B-3AA7B6CEFFD5}.MacRelease|x64.ActiveCfg = MacRelease|Any CPU
		{7F858DC6-0030-45E7-881B-3AA7B6CEFFD5}.MacRelease|x64.Build.0 = MacRelease|Any CPU
		{7F858DC6-0030-45E7-881B-3AA7B6CEFFD5}.MacRelease|x86.ActiveCfg = MacRelease|Any CPU
		{7F858DC6-0030-45E7-881B-3AA7B6CEFFD5}.MacRelease|x86.Build.0 = MacRelease|Any CPU
		{7F858DC6-0030-45E7-881B-3AA7B6CEFFD5}.Release|Any CPU.ActiveCfg = Release|Any CPU
		{7F858DC6-0030-45E7-881B-3AA7B6CEFFD5}.Release|Any CPU.Build.0 = Release|Any CPU
		{7F858DC6-0030-45E7-881B-3AA7B6CEFFD5}.Release|x64.ActiveCfg = Release|Any CPU
		{7F858DC6-0030-45E7-881B-3AA7B6CEFFD5}.Release|x64.Build.0 = Release|Any CPU
		{7F858DC6-0030-45E7-881B-3AA7B6CEFFD5}.Release|x86.ActiveCfg = Release|Any CPU
		{7F858DC6-0030-45E7-881B-3AA7B6CEFFD5}.Release|x86.Build.0 = Release|Any CPU
		{7F858DC6-0030-45E7-881B-3AA7B6CEFFD5}.WindowsDebug|Any CPU.ActiveCfg = WindowsDebug|Any CPU
		{7F858DC6-0030-45E7-881B-3AA7B6CEFFD5}.WindowsDebug|Any CPU.Build.0 = WindowsDebug|Any CPU
		{7F858DC6-0030-45E7-881B-3AA7B6CEFFD5}.WindowsDebug|x64.ActiveCfg = WindowsDebug|Any CPU
		{7F858DC6-0030-45E7-881B-3AA7B6CEFFD5}.WindowsDebug|x64.Build.0 = WindowsDebug|Any CPU
		{7F858DC6-0030-45E7-881B-3AA7B6CEFFD5}.WindowsDebug|x86.ActiveCfg = WindowsDebug|Any CPU
		{7F858DC6-0030-45E7-881B-3AA7B6CEFFD5}.WindowsDebug|x86.Build.0 = WindowsDebug|Any CPU
		{7F858DC6-0030-45E7-881B-3AA7B6CEFFD5}.WindowsRelease|Any CPU.ActiveCfg = WindowsRelease|Any CPU
		{7F858DC6-0030-45E7-881B-3AA7B6CEFFD5}.WindowsRelease|Any CPU.Build.0 = WindowsRelease|Any CPU
		{7F858DC6-0030-45E7-881B-3AA7B6CEFFD5}.WindowsRelease|x64.ActiveCfg = WindowsRelease|Any CPU
		{7F858DC6-0030-45E7-881B-3AA7B6CEFFD5}.WindowsRelease|x64.Build.0 = WindowsRelease|Any CPU
		{7F858DC6-0030-45E7-881B-3AA7B6CEFFD5}.WindowsRelease|x86.ActiveCfg = WindowsRelease|Any CPU
		{7F858DC6-0030-45E7-881B-3AA7B6CEFFD5}.WindowsRelease|x86.Build.0 = WindowsRelease|Any CPU
		{BEA0643A-664B-48BC-ACA4-36E49BEA2EFA}.Debug|Any CPU.ActiveCfg = Debug|Any CPU
		{BEA0643A-664B-48BC-ACA4-36E49BEA2EFA}.Debug|Any CPU.Build.0 = Debug|Any CPU
		{BEA0643A-664B-48BC-ACA4-36E49BEA2EFA}.Debug|x64.ActiveCfg = Debug|Any CPU
		{BEA0643A-664B-48BC-ACA4-36E49BEA2EFA}.Debug|x64.Build.0 = Debug|Any CPU
		{BEA0643A-664B-48BC-ACA4-36E49BEA2EFA}.Debug|x86.ActiveCfg = Debug|Any CPU
		{BEA0643A-664B-48BC-ACA4-36E49BEA2EFA}.Debug|x86.Build.0 = Debug|Any CPU
		{BEA0643A-664B-48BC-ACA4-36E49BEA2EFA}.LinuxDebug|Any CPU.ActiveCfg = LinuxDebug|Any CPU
		{BEA0643A-664B-48BC-ACA4-36E49BEA2EFA}.LinuxDebug|Any CPU.Build.0 = LinuxDebug|Any CPU
		{BEA0643A-664B-48BC-ACA4-36E49BEA2EFA}.LinuxDebug|x64.ActiveCfg = LinuxDebug|Any CPU
		{BEA0643A-664B-48BC-ACA4-36E49BEA2EFA}.LinuxDebug|x64.Build.0 = LinuxDebug|Any CPU
		{BEA0643A-664B-48BC-ACA4-36E49BEA2EFA}.LinuxDebug|x86.ActiveCfg = LinuxDebug|Any CPU
		{BEA0643A-664B-48BC-ACA4-36E49BEA2EFA}.LinuxDebug|x86.Build.0 = LinuxDebug|Any CPU
		{BEA0643A-664B-48BC-ACA4-36E49BEA2EFA}.LinuxRelease|Any CPU.ActiveCfg = LinuxRelease|Any CPU
		{BEA0643A-664B-48BC-ACA4-36E49BEA2EFA}.LinuxRelease|Any CPU.Build.0 = LinuxRelease|Any CPU
		{BEA0643A-664B-48BC-ACA4-36E49BEA2EFA}.LinuxRelease|x64.ActiveCfg = LinuxRelease|Any CPU
		{BEA0643A-664B-48BC-ACA4-36E49BEA2EFA}.LinuxRelease|x64.Build.0 = LinuxRelease|Any CPU
		{BEA0643A-664B-48BC-ACA4-36E49BEA2EFA}.LinuxRelease|x86.ActiveCfg = LinuxRelease|Any CPU
		{BEA0643A-664B-48BC-ACA4-36E49BEA2EFA}.LinuxRelease|x86.Build.0 = LinuxRelease|Any CPU
		{BEA0643A-664B-48BC-ACA4-36E49BEA2EFA}.MacDebug|Any CPU.ActiveCfg = MacDebug|Any CPU
		{BEA0643A-664B-48BC-ACA4-36E49BEA2EFA}.MacDebug|Any CPU.Build.0 = MacDebug|Any CPU
		{BEA0643A-664B-48BC-ACA4-36E49BEA2EFA}.MacDebug|x64.ActiveCfg = MacDebug|Any CPU
		{BEA0643A-664B-48BC-ACA4-36E49BEA2EFA}.MacDebug|x64.Build.0 = MacDebug|Any CPU
		{BEA0643A-664B-48BC-ACA4-36E49BEA2EFA}.MacDebug|x86.ActiveCfg = MacDebug|Any CPU
		{BEA0643A-664B-48BC-ACA4-36E49BEA2EFA}.MacDebug|x86.Build.0 = MacDebug|Any CPU
		{BEA0643A-664B-48BC-ACA4-36E49BEA2EFA}.MacRelease|Any CPU.ActiveCfg = MacRelease|Any CPU
		{BEA0643A-664B-48BC-ACA4-36E49BEA2EFA}.MacRelease|Any CPU.Build.0 = MacRelease|Any CPU
		{BEA0643A-664B-48BC-ACA4-36E49BEA2EFA}.MacRelease|x64.ActiveCfg = MacRelease|Any CPU
		{BEA0643A-664B-48BC-ACA4-36E49BEA2EFA}.MacRelease|x64.Build.0 = MacRelease|Any CPU
		{BEA0643A-664B-48BC-ACA4-36E49BEA2EFA}.MacRelease|x86.ActiveCfg = MacRelease|Any CPU
		{BEA0643A-664B-48BC-ACA4-36E49BEA2EFA}.MacRelease|x86.Build.0 = MacRelease|Any CPU
		{BEA0643A-664B-48BC-ACA4-36E49BEA2EFA}.Release|Any CPU.ActiveCfg = Release|Any CPU
		{BEA0643A-664B-48BC-ACA4-36E49BEA2EFA}.Release|Any CPU.Build.0 = Release|Any CPU
		{BEA0643A-664B-48BC-ACA4-36E49BEA2EFA}.Release|x64.ActiveCfg = Release|Any CPU
		{BEA0643A-664B-48BC-ACA4-36E49BEA2EFA}.Release|x64.Build.0 = Release|Any CPU
		{BEA0643A-664B-48BC-ACA4-36E49BEA2EFA}.Release|x86.ActiveCfg = Release|Any CPU
		{BEA0643A-664B-48BC-ACA4-36E49BEA2EFA}.Release|x86.Build.0 = Release|Any CPU
		{BEA0643A-664B-48BC-ACA4-36E49BEA2EFA}.WindowsDebug|Any CPU.ActiveCfg = WindowsDebug|Any CPU
		{BEA0643A-664B-48BC-ACA4-36E49BEA2EFA}.WindowsDebug|Any CPU.Build.0 = WindowsDebug|Any CPU
		{BEA0643A-664B-48BC-ACA4-36E49BEA2EFA}.WindowsDebug|x64.ActiveCfg = WindowsDebug|Any CPU
		{BEA0643A-664B-48BC-ACA4-36E49BEA2EFA}.WindowsDebug|x64.Build.0 = WindowsDebug|Any CPU
		{BEA0643A-664B-48BC-ACA4-36E49BEA2EFA}.WindowsDebug|x86.ActiveCfg = WindowsDebug|Any CPU
		{BEA0643A-664B-48BC-ACA4-36E49BEA2EFA}.WindowsDebug|x86.Build.0 = WindowsDebug|Any CPU
		{BEA0643A-664B-48BC-ACA4-36E49BEA2EFA}.WindowsRelease|Any CPU.ActiveCfg = WindowsRelease|Any CPU
		{BEA0643A-664B-48BC-ACA4-36E49BEA2EFA}.WindowsRelease|Any CPU.Build.0 = WindowsRelease|Any CPU
		{BEA0643A-664B-48BC-ACA4-36E49BEA2EFA}.WindowsRelease|x64.ActiveCfg = WindowsRelease|Any CPU
		{BEA0643A-664B-48BC-ACA4-36E49BEA2EFA}.WindowsRelease|x64.Build.0 = WindowsRelease|Any CPU
		{BEA0643A-664B-48BC-ACA4-36E49BEA2EFA}.WindowsRelease|x86.ActiveCfg = WindowsRelease|Any CPU
		{BEA0643A-664B-48BC-ACA4-36E49BEA2EFA}.WindowsRelease|x86.Build.0 = WindowsRelease|Any CPU
		{B8167757-3E29-4C09-BF9F-6DEAB3D39F05}.Debug|Any CPU.ActiveCfg = Debug|Any CPU
		{B8167757-3E29-4C09-BF9F-6DEAB3D39F05}.Debug|Any CPU.Build.0 = Debug|Any CPU
		{B8167757-3E29-4C09-BF9F-6DEAB3D39F05}.Debug|x64.ActiveCfg = Debug|Any CPU
		{B8167757-3E29-4C09-BF9F-6DEAB3D39F05}.Debug|x64.Build.0 = Debug|Any CPU
		{B8167757-3E29-4C09-BF9F-6DEAB3D39F05}.Debug|x86.ActiveCfg = Debug|Any CPU
		{B8167757-3E29-4C09-BF9F-6DEAB3D39F05}.Debug|x86.Build.0 = Debug|Any CPU
		{B8167757-3E29-4C09-BF9F-6DEAB3D39F05}.LinuxDebug|Any CPU.ActiveCfg = LinuxDebug|Any CPU
		{B8167757-3E29-4C09-BF9F-6DEAB3D39F05}.LinuxDebug|Any CPU.Build.0 = LinuxDebug|Any CPU
		{B8167757-3E29-4C09-BF9F-6DEAB3D39F05}.LinuxDebug|x64.ActiveCfg = LinuxDebug|Any CPU
		{B8167757-3E29-4C09-BF9F-6DEAB3D39F05}.LinuxDebug|x64.Build.0 = LinuxDebug|Any CPU
		{B8167757-3E29-4C09-BF9F-6DEAB3D39F05}.LinuxDebug|x86.ActiveCfg = LinuxDebug|Any CPU
		{B8167757-3E29-4C09-BF9F-6DEAB3D39F05}.LinuxDebug|x86.Build.0 = LinuxDebug|Any CPU
		{B8167757-3E29-4C09-BF9F-6DEAB3D39F05}.LinuxRelease|Any CPU.ActiveCfg = LinuxRelease|Any CPU
		{B8167757-3E29-4C09-BF9F-6DEAB3D39F05}.LinuxRelease|Any CPU.Build.0 = LinuxRelease|Any CPU
		{B8167757-3E29-4C09-BF9F-6DEAB3D39F05}.LinuxRelease|x64.ActiveCfg = LinuxRelease|Any CPU
		{B8167757-3E29-4C09-BF9F-6DEAB3D39F05}.LinuxRelease|x64.Build.0 = LinuxRelease|Any CPU
		{B8167757-3E29-4C09-BF9F-6DEAB3D39F05}.LinuxRelease|x86.ActiveCfg = LinuxRelease|Any CPU
		{B8167757-3E29-4C09-BF9F-6DEAB3D39F05}.LinuxRelease|x86.Build.0 = LinuxRelease|Any CPU
		{B8167757-3E29-4C09-BF9F-6DEAB3D39F05}.MacDebug|Any CPU.ActiveCfg = MacDebug|Any CPU
		{B8167757-3E29-4C09-BF9F-6DEAB3D39F05}.MacDebug|Any CPU.Build.0 = MacDebug|Any CPU
		{B8167757-3E29-4C09-BF9F-6DEAB3D39F05}.MacDebug|x64.ActiveCfg = MacDebug|Any CPU
		{B8167757-3E29-4C09-BF9F-6DEAB3D39F05}.MacDebug|x64.Build.0 = MacDebug|Any CPU
		{B8167757-3E29-4C09-BF9F-6DEAB3D39F05}.MacDebug|x86.ActiveCfg = MacDebug|Any CPU
		{B8167757-3E29-4C09-BF9F-6DEAB3D39F05}.MacDebug|x86.Build.0 = MacDebug|Any CPU
		{B8167757-3E29-4C09-BF9F-6DEAB3D39F05}.MacRelease|Any CPU.ActiveCfg = MacRelease|Any CPU
		{B8167757-3E29-4C09-BF9F-6DEAB3D39F05}.MacRelease|Any CPU.Build.0 = MacRelease|Any CPU
		{B8167757-3E29-4C09-BF9F-6DEAB3D39F05}.MacRelease|x64.ActiveCfg = MacRelease|Any CPU
		{B8167757-3E29-4C09-BF9F-6DEAB3D39F05}.MacRelease|x64.Build.0 = MacRelease|Any CPU
		{B8167757-3E29-4C09-BF9F-6DEAB3D39F05}.MacRelease|x86.ActiveCfg = MacRelease|Any CPU
		{B8167757-3E29-4C09-BF9F-6DEAB3D39F05}.MacRelease|x86.Build.0 = MacRelease|Any CPU
		{B8167757-3E29-4C09-BF9F-6DEAB3D39F05}.Release|Any CPU.ActiveCfg = Release|Any CPU
		{B8167757-3E29-4C09-BF9F-6DEAB3D39F05}.Release|Any CPU.Build.0 = Release|Any CPU
		{B8167757-3E29-4C09-BF9F-6DEAB3D39F05}.Release|x64.ActiveCfg = Release|Any CPU
		{B8167757-3E29-4C09-BF9F-6DEAB3D39F05}.Release|x64.Build.0 = Release|Any CPU
		{B8167757-3E29-4C09-BF9F-6DEAB3D39F05}.Release|x86.ActiveCfg = Release|Any CPU
		{B8167757-3E29-4C09-BF9F-6DEAB3D39F05}.Release|x86.Build.0 = Release|Any CPU
		{B8167757-3E29-4C09-BF9F-6DEAB3D39F05}.WindowsDebug|Any CPU.ActiveCfg = WindowsDebug|Any CPU
		{B8167757-3E29-4C09-BF9F-6DEAB3D39F05}.WindowsDebug|Any CPU.Build.0 = WindowsDebug|Any CPU
		{B8167757-3E29-4C09-BF9F-6DEAB3D39F05}.WindowsDebug|x64.ActiveCfg = WindowsDebug|Any CPU
		{B8167757-3E29-4C09-BF9F-6DEAB3D39F05}.WindowsDebug|x64.Build.0 = WindowsDebug|Any CPU
		{B8167757-3E29-4C09-BF9F-6DEAB3D39F05}.WindowsDebug|x86.ActiveCfg = WindowsDebug|Any CPU
		{B8167757-3E29-4C09-BF9F-6DEAB3D39F05}.WindowsDebug|x86.Build.0 = WindowsDebug|Any CPU
		{B8167757-3E29-4C09-BF9F-6DEAB3D39F05}.WindowsRelease|Any CPU.ActiveCfg = WindowsRelease|Any CPU
		{B8167757-3E29-4C09-BF9F-6DEAB3D39F05}.WindowsRelease|Any CPU.Build.0 = WindowsRelease|Any CPU
		{B8167757-3E29-4C09-BF9F-6DEAB3D39F05}.WindowsRelease|x64.ActiveCfg = WindowsRelease|Any CPU
		{B8167757-3E29-4C09-BF9F-6DEAB3D39F05}.WindowsRelease|x64.Build.0 = WindowsRelease|Any CPU
		{B8167757-3E29-4C09-BF9F-6DEAB3D39F05}.WindowsRelease|x86.ActiveCfg = WindowsRelease|Any CPU
		{B8167757-3E29-4C09-BF9F-6DEAB3D39F05}.WindowsRelease|x86.Build.0 = WindowsRelease|Any CPU
		{93AD316F-2A18-48E8-8865-75E9EC01093C}.Debug|Any CPU.ActiveCfg = Debug|Any CPU
		{93AD316F-2A18-48E8-8865-75E9EC01093C}.Debug|Any CPU.Build.0 = Debug|Any CPU
		{93AD316F-2A18-48E8-8865-75E9EC01093C}.Debug|x64.ActiveCfg = Debug|Any CPU
		{93AD316F-2A18-48E8-8865-75E9EC01093C}.Debug|x64.Build.0 = Debug|Any CPU
		{93AD316F-2A18-48E8-8865-75E9EC01093C}.Debug|x86.ActiveCfg = Debug|Any CPU
		{93AD316F-2A18-48E8-8865-75E9EC01093C}.Debug|x86.Build.0 = Debug|Any CPU
		{93AD316F-2A18-48E8-8865-75E9EC01093C}.LinuxDebug|Any CPU.ActiveCfg = LinuxDebug|Any CPU
		{93AD316F-2A18-48E8-8865-75E9EC01093C}.LinuxDebug|Any CPU.Build.0 = LinuxDebug|Any CPU
		{93AD316F-2A18-48E8-8865-75E9EC01093C}.LinuxDebug|x64.ActiveCfg = LinuxDebug|Any CPU
		{93AD316F-2A18-48E8-8865-75E9EC01093C}.LinuxDebug|x64.Build.0 = LinuxDebug|Any CPU
		{93AD316F-2A18-48E8-8865-75E9EC01093C}.LinuxDebug|x86.ActiveCfg = LinuxDebug|Any CPU
		{93AD316F-2A18-48E8-8865-75E9EC01093C}.LinuxDebug|x86.Build.0 = LinuxDebug|Any CPU
		{93AD316F-2A18-48E8-8865-75E9EC01093C}.LinuxRelease|Any CPU.ActiveCfg = LinuxRelease|Any CPU
		{93AD316F-2A18-48E8-8865-75E9EC01093C}.LinuxRelease|Any CPU.Build.0 = LinuxRelease|Any CPU
		{93AD316F-2A18-48E8-8865-75E9EC01093C}.LinuxRelease|x64.ActiveCfg = LinuxRelease|Any CPU
		{93AD316F-2A18-48E8-8865-75E9EC01093C}.LinuxRelease|x64.Build.0 = LinuxRelease|Any CPU
		{93AD316F-2A18-48E8-8865-75E9EC01093C}.LinuxRelease|x86.ActiveCfg = LinuxRelease|Any CPU
		{93AD316F-2A18-48E8-8865-75E9EC01093C}.LinuxRelease|x86.Build.0 = LinuxRelease|Any CPU
		{93AD316F-2A18-48E8-8865-75E9EC01093C}.MacDebug|Any CPU.ActiveCfg = MacDebug|Any CPU
		{93AD316F-2A18-48E8-8865-75E9EC01093C}.MacDebug|Any CPU.Build.0 = MacDebug|Any CPU
		{93AD316F-2A18-48E8-8865-75E9EC01093C}.MacDebug|x64.ActiveCfg = MacDebug|Any CPU
		{93AD316F-2A18-48E8-8865-75E9EC01093C}.MacDebug|x64.Build.0 = MacDebug|Any CPU
		{93AD316F-2A18-48E8-8865-75E9EC01093C}.MacDebug|x86.ActiveCfg = MacDebug|Any CPU
		{93AD316F-2A18-48E8-8865-75E9EC01093C}.MacDebug|x86.Build.0 = MacDebug|Any CPU
		{93AD316F-2A18-48E8-8865-75E9EC01093C}.MacRelease|Any CPU.ActiveCfg = MacRelease|Any CPU
		{93AD316F-2A18-48E8-8865-75E9EC01093C}.MacRelease|Any CPU.Build.0 = MacRelease|Any CPU
		{93AD316F-2A18-48E8-8865-75E9EC01093C}.MacRelease|x64.ActiveCfg = MacRelease|Any CPU
		{93AD316F-2A18-48E8-8865-75E9EC01093C}.MacRelease|x64.Build.0 = MacRelease|Any CPU
		{93AD316F-2A18-48E8-8865-75E9EC01093C}.MacRelease|x86.ActiveCfg = MacRelease|Any CPU
		{93AD316F-2A18-48E8-8865-75E9EC01093C}.MacRelease|x86.Build.0 = MacRelease|Any CPU
		{93AD316F-2A18-48E8-8865-75E9EC01093C}.Release|Any CPU.ActiveCfg = Release|Any CPU
		{93AD316F-2A18-48E8-8865-75E9EC01093C}.Release|Any CPU.Build.0 = Release|Any CPU
		{93AD316F-2A18-48E8-8865-75E9EC01093C}.Release|x64.ActiveCfg = Release|Any CPU
		{93AD316F-2A18-48E8-8865-75E9EC01093C}.Release|x64.Build.0 = Release|Any CPU
		{93AD316F-2A18-48E8-8865-75E9EC01093C}.Release|x86.ActiveCfg = Release|Any CPU
		{93AD316F-2A18-48E8-8865-75E9EC01093C}.Release|x86.Build.0 = Release|Any CPU
		{93AD316F-2A18-48E8-8865-75E9EC01093C}.WindowsDebug|Any CPU.ActiveCfg = WindowsDebug|Any CPU
		{93AD316F-2A18-48E8-8865-75E9EC01093C}.WindowsDebug|Any CPU.Build.0 = WindowsDebug|Any CPU
		{93AD316F-2A18-48E8-8865-75E9EC01093C}.WindowsDebug|x64.ActiveCfg = WindowsDebug|Any CPU
		{93AD316F-2A18-48E8-8865-75E9EC01093C}.WindowsDebug|x64.Build.0 = WindowsDebug|Any CPU
		{93AD316F-2A18-48E8-8865-75E9EC01093C}.WindowsDebug|x86.ActiveCfg = WindowsDebug|Any CPU
		{93AD316F-2A18-48E8-8865-75E9EC01093C}.WindowsDebug|x86.Build.0 = WindowsDebug|Any CPU
		{93AD316F-2A18-48E8-8865-75E9EC01093C}.WindowsRelease|Any CPU.ActiveCfg = WindowsRelease|Any CPU
		{93AD316F-2A18-48E8-8865-75E9EC01093C}.WindowsRelease|Any CPU.Build.0 = WindowsRelease|Any CPU
		{93AD316F-2A18-48E8-8865-75E9EC01093C}.WindowsRelease|x64.ActiveCfg = WindowsRelease|Any CPU
		{93AD316F-2A18-48E8-8865-75E9EC01093C}.WindowsRelease|x64.Build.0 = WindowsRelease|Any CPU
		{93AD316F-2A18-48E8-8865-75E9EC01093C}.WindowsRelease|x86.ActiveCfg = WindowsRelease|Any CPU
		{93AD316F-2A18-48E8-8865-75E9EC01093C}.WindowsRelease|x86.Build.0 = WindowsRelease|Any CPU
	EndGlobalSection
	GlobalSection(SolutionProperties) = preSolution
		HideSolutionNode = FALSE
	EndGlobalSection
	GlobalSection(NestedProjects) = preSolution
		{30896AA8-06B4-46B1-8AE3-338394431D7C} = {2ACA94E3-5288-4E69-B92F-74AADD92CE12}
	EndGlobalSection
	GlobalSection(ExtensibilityGlobals) = postSolution
		SolutionGuid = {EEF4E2FF-59E8-4CAE-B02E-483B404B59FB}
	EndGlobalSection
EndGlobal
