
Microsoft Visual Studio Solution File, Format Version 12.00
# Visual Studio 15
VisualStudioVersion = 15.0.28010.2041
MinimumVisualStudioVersion = 10.0.40219.1
Project("{9A19103F-16F7-4668-BE54-9A1E7A4F7556}") = "Freeserf.Core", "Freeserf.Core\Freeserf.Core.csproj", "{EEFCF9AA-D472-4B79-AD82-C1871BB60DBA}"
EndProject
Project("{9A19103F-16F7-4668-BE54-9A1E7A4F7556}") = "Freeserf.Renderer.OpenTK", "Freeserf.Renderer.OpenTK\Freeserf.Renderer.OpenTK.csproj", "{2583EC5A-7B63-4005-9390-35C9144013CC}"
EndProject
Project("{FAE04EC0-301F-11D3-BF4B-00C04F79EFBC}") = "Freeserf.net", "Freeserf.net\Freeserf.net.csproj", "{EA9340AB-CDD1-40EE-B242-F405C0E1F6F9}"
EndProject
Project("{9A19103F-16F7-4668-BE54-9A1E7A4F7556}") = "Freeserf.Network", "Freeserf.Network\Freeserf.Network.csproj", "{CDCEFBBE-DF01-4454-BA67-49F4B846A5B1}"
EndProject
Project("{FAE04EC0-301F-11D3-BF4B-00C04F79EFBC}") = "FreeserfPatcher", "FreeserfPatcher\FreeserfPatcher.csproj", "{7F858DC6-0030-45E7-881B-3AA7B6CEFFD5}"
EndProject
Project("{9A19103F-16F7-4668-BE54-9A1E7A4F7556}") = "FreeserfNet", "FreeserfNet\FreeserfNet.csproj", "{BEA0643A-664B-48BC-ACA4-36E49BEA2EFA}"
EndProject
Global
	GlobalSection(SolutionConfigurationPlatforms) = preSolution
		Debug|Any CPU = Debug|Any CPU
		Debug|x64 = Debug|x64
		Debug|x86 = Debug|x86
		Release|Any CPU = Release|Any CPU
		Release|x64 = Release|x64
		Release|x86 = Release|x86
	EndGlobalSection
	GlobalSection(ProjectConfigurationPlatforms) = postSolution
		{EEFCF9AA-D472-4B79-AD82-C1871BB60DBA}.Debug|Any CPU.ActiveCfg = Debug|Any CPU
		{EEFCF9AA-D472-4B79-AD82-C1871BB60DBA}.Debug|Any CPU.Build.0 = Debug|Any CPU
		{EEFCF9AA-D472-4B79-AD82-C1871BB60DBA}.Debug|x64.ActiveCfg = Debug|Any CPU
		{EEFCF9AA-D472-4B79-AD82-C1871BB60DBA}.Debug|x64.Build.0 = Debug|Any CPU
		{EEFCF9AA-D472-4B79-AD82-C1871BB60DBA}.Debug|x86.ActiveCfg = Debug|Any CPU
		{EEFCF9AA-D472-4B79-AD82-C1871BB60DBA}.Debug|x86.Build.0 = Debug|Any CPU
		{EEFCF9AA-D472-4B79-AD82-C1871BB60DBA}.Release|Any CPU.ActiveCfg = Release|Any CPU
		{EEFCF9AA-D472-4B79-AD82-C1871BB60DBA}.Release|Any CPU.Build.0 = Release|Any CPU
		{EEFCF9AA-D472-4B79-AD82-C1871BB60DBA}.Release|x64.ActiveCfg = Release|Any CPU
		{EEFCF9AA-D472-4B79-AD82-C1871BB60DBA}.Release|x64.Build.0 = Release|Any CPU
		{EEFCF9AA-D472-4B79-AD82-C1871BB60DBA}.Release|x86.ActiveCfg = Release|Any CPU
		{EEFCF9AA-D472-4B79-AD82-C1871BB60DBA}.Release|x86.Build.0 = Release|Any CPU
		{2583EC5A-7B63-4005-9390-35C9144013CC}.Debug|Any CPU.ActiveCfg = Debug|Any CPU
		{2583EC5A-7B63-4005-9390-35C9144013CC}.Debug|Any CPU.Build.0 = Debug|Any CPU
		{2583EC5A-7B63-4005-9390-35C9144013CC}.Debug|x64.ActiveCfg = Debug|Any CPU
		{2583EC5A-7B63-4005-9390-35C9144013CC}.Debug|x64.Build.0 = Debug|Any CPU
		{2583EC5A-7B63-4005-9390-35C9144013CC}.Debug|x86.ActiveCfg = Debug|Any CPU
		{2583EC5A-7B63-4005-9390-35C9144013CC}.Debug|x86.Build.0 = Debug|Any CPU
		{2583EC5A-7B63-4005-9390-35C9144013CC}.Release|Any CPU.ActiveCfg = Release|Any CPU
		{2583EC5A-7B63-4005-9390-35C9144013CC}.Release|Any CPU.Build.0 = Release|Any CPU
		{2583EC5A-7B63-4005-9390-35C9144013CC}.Release|x64.ActiveCfg = Release|Any CPU
		{2583EC5A-7B63-4005-9390-35C9144013CC}.Release|x64.Build.0 = Release|Any CPU
		{2583EC5A-7B63-4005-9390-35C9144013CC}.Release|x86.ActiveCfg = Release|Any CPU
		{2583EC5A-7B63-4005-9390-35C9144013CC}.Release|x86.Build.0 = Release|Any CPU
		{EA9340AB-CDD1-40EE-B242-F405C0E1F6F9}.Debug|Any CPU.ActiveCfg = Debug|Any CPU
		{EA9340AB-CDD1-40EE-B242-F405C0E1F6F9}.Debug|Any CPU.Build.0 = Debug|Any CPU
		{EA9340AB-CDD1-40EE-B242-F405C0E1F6F9}.Debug|x64.ActiveCfg = Debug|Any CPU
		{EA9340AB-CDD1-40EE-B242-F405C0E1F6F9}.Debug|x64.Build.0 = Debug|Any CPU
		{EA9340AB-CDD1-40EE-B242-F405C0E1F6F9}.Debug|x86.ActiveCfg = Debug|Any CPU
		{EA9340AB-CDD1-40EE-B242-F405C0E1F6F9}.Debug|x86.Build.0 = Debug|Any CPU
		{EA9340AB-CDD1-40EE-B242-F405C0E1F6F9}.Release|Any CPU.ActiveCfg = Release|Any CPU
		{EA9340AB-CDD1-40EE-B242-F405C0E1F6F9}.Release|Any CPU.Build.0 = Release|Any CPU
		{EA9340AB-CDD1-40EE-B242-F405C0E1F6F9}.Release|x64.ActiveCfg = Release|Any CPU
		{EA9340AB-CDD1-40EE-B242-F405C0E1F6F9}.Release|x64.Build.0 = Release|Any CPU
		{EA9340AB-CDD1-40EE-B242-F405C0E1F6F9}.Release|x86.ActiveCfg = Release|Any CPU
		{EA9340AB-CDD1-40EE-B242-F405C0E1F6F9}.Release|x86.Build.0 = Release|Any CPU
		{CDCEFBBE-DF01-4454-BA67-49F4B846A5B1}.Debug|Any CPU.ActiveCfg = Debug|Any CPU
		{CDCEFBBE-DF01-4454-BA67-49F4B846A5B1}.Debug|Any CPU.Build.0 = Debug|Any CPU
		{CDCEFBBE-DF01-4454-BA67-49F4B846A5B1}.Debug|x64.ActiveCfg = Debug|Any CPU
		{CDCEFBBE-DF01-4454-BA67-49F4B846A5B1}.Debug|x64.Build.0 = Debug|Any CPU
		{CDCEFBBE-DF01-4454-BA67-49F4B846A5B1}.Debug|x86.ActiveCfg = Debug|Any CPU
		{CDCEFBBE-DF01-4454-BA67-49F4B846A5B1}.Debug|x86.Build.0 = Debug|Any CPU
		{CDCEFBBE-DF01-4454-BA67-49F4B846A5B1}.Release|Any CPU.ActiveCfg = Release|Any CPU
		{CDCEFBBE-DF01-4454-BA67-49F4B846A5B1}.Release|Any CPU.Build.0 = Release|Any CPU
		{CDCEFBBE-DF01-4454-BA67-49F4B846A5B1}.Release|x64.ActiveCfg = Release|Any CPU
		{CDCEFBBE-DF01-4454-BA67-49F4B846A5B1}.Release|x64.Build.0 = Release|Any CPU
		{CDCEFBBE-DF01-4454-BA67-49F4B846A5B1}.Release|x86.ActiveCfg = Release|Any CPU
		{CDCEFBBE-DF01-4454-BA67-49F4B846A5B1}.Release|x86.Build.0 = Release|Any CPU
		{7F858DC6-0030-45E7-881B-3AA7B6CEFFD5}.Debug|Any CPU.ActiveCfg = Debug|Any CPU
		{7F858DC6-0030-45E7-881B-3AA7B6CEFFD5}.Debug|Any CPU.Build.0 = Debug|Any CPU
		{7F858DC6-0030-45E7-881B-3AA7B6CEFFD5}.Debug|x64.ActiveCfg = Debug|Any CPU
		{7F858DC6-0030-45E7-881B-3AA7B6CEFFD5}.Debug|x64.Build.0 = Debug|Any CPU
		{7F858DC6-0030-45E7-881B-3AA7B6CEFFD5}.Debug|x86.ActiveCfg = Debug|Any CPU
		{7F858DC6-0030-45E7-881B-3AA7B6CEFFD5}.Debug|x86.Build.0 = Debug|Any CPU
		{7F858DC6-0030-45E7-881B-3AA7B6CEFFD5}.Release|Any CPU.ActiveCfg = Release|Any CPU
		{7F858DC6-0030-45E7-881B-3AA7B6CEFFD5}.Release|Any CPU.Build.0 = Release|Any CPU
		{7F858DC6-0030-45E7-881B-3AA7B6CEFFD5}.Release|x64.ActiveCfg = Release|Any CPU
		{7F858DC6-0030-45E7-881B-3AA7B6CEFFD5}.Release|x64.Build.0 = Release|Any CPU
		{7F858DC6-0030-45E7-881B-3AA7B6CEFFD5}.Release|x86.ActiveCfg = Release|Any CPU
		{7F858DC6-0030-45E7-881B-3AA7B6CEFFD5}.Release|x86.Build.0 = Release|Any CPU
		{BEA0643A-664B-48BC-ACA4-36E49BEA2EFA}.Debug|Any CPU.ActiveCfg = Debug|Any CPU
		{BEA0643A-664B-48BC-ACA4-36E49BEA2EFA}.Debug|Any CPU.Build.0 = Debug|Any CPU
		{BEA0643A-664B-48BC-ACA4-36E49BEA2EFA}.Debug|x64.ActiveCfg = Debug|Any CPU
		{BEA0643A-664B-48BC-ACA4-36E49BEA2EFA}.Debug|x64.Build.0 = Debug|Any CPU
		{BEA0643A-664B-48BC-ACA4-36E49BEA2EFA}.Debug|x86.ActiveCfg = Debug|Any CPU
		{BEA0643A-664B-48BC-ACA4-36E49BEA2EFA}.Debug|x86.Build.0 = Debug|Any CPU
		{BEA0643A-664B-48BC-ACA4-36E49BEA2EFA}.Release|Any CPU.ActiveCfg = Release|Any CPU
		{BEA0643A-664B-48BC-ACA4-36E49BEA2EFA}.Release|Any CPU.Build.0 = Release|Any CPU
		{BEA0643A-664B-48BC-ACA4-36E49BEA2EFA}.Release|x64.ActiveCfg = Release|Any CPU
		{BEA0643A-664B-48BC-ACA4-36E49BEA2EFA}.Release|x64.Build.0 = Release|Any CPU
		{BEA0643A-664B-48BC-ACA4-36E49BEA2EFA}.Release|x86.ActiveCfg = Release|Any CPU
		{BEA0643A-664B-48BC-ACA4-36E49BEA2EFA}.Release|x86.Build.0 = Release|Any CPU
	EndGlobalSection
	GlobalSection(SolutionProperties) = preSolution
		HideSolutionNode = FALSE
	EndGlobalSection
	GlobalSection(ExtensibilityGlobals) = postSolution
		SolutionGuid = {EEF4E2FF-59E8-4CAE-B02E-483B404B59FB}
	EndGlobalSection
EndGlobal
